// !$*UTF8*$!
{
	archiveVersion = 1;
	classes = {
	};
	objectVersion = 50;
	objects = {

/* Begin PBXBuildFile section */
		5456D89821B1A0A10020AB94 /* AppDelegate.m in Sources */ = {isa = PBXBuildFile; fileRef = 5456D89721B1A0A10020AB94 /* AppDelegate.m */; };
		5456D89B21B1A0A20020AB94 /* ViewController.m in Sources */ = {isa = PBXBuildFile; fileRef = 5456D89A21B1A0A20020AB94 /* ViewController.m */; };
		5456D89E21B1A0A20020AB94 /* Main.storyboard in Resources */ = {isa = PBXBuildFile; fileRef = 5456D89C21B1A0A20020AB94 /* Main.storyboard */; };
		5456D8A021B1A0A30020AB94 /* Assets.xcassets in Resources */ = {isa = PBXBuildFile; fileRef = 5456D89F21B1A0A30020AB94 /* Assets.xcassets */; };
		5456D8A321B1A0A30020AB94 /* LaunchScreen.storyboard in Resources */ = {isa = PBXBuildFile; fileRef = 5456D8A121B1A0A30020AB94 /* LaunchScreen.storyboard */; };
		5456D8A621B1A0A30020AB94 /* main.m in Sources */ = {isa = PBXBuildFile; fileRef = 5456D8A521B1A0A30020AB94 /* main.m */; };
		5456D8B021B1A0A40020AB94 /* KRNetworkingTests.m in Sources */ = {isa = PBXBuildFile; fileRef = 5456D8AF21B1A0A40020AB94 /* KRNetworkingTests.m */; };
		5456D8BB21B1A0A40020AB94 /* KRNetworkingUITests.m in Sources */ = {isa = PBXBuildFile; fileRef = 5456D8BA21B1A0A40020AB94 /* KRNetworkingUITests.m */; };
		5456D8CB21B1A2090020AB94 /* KRBaseApi.m in Sources */ = {isa = PBXBuildFile; fileRef = 5456D8CA21B1A2090020AB94 /* KRBaseApi.m */; };
		A4F644B58B51AD2E7F2799FD /* Pods_KRNetworking.framework in Frameworks */ = {isa = PBXBuildFile; fileRef = 104E7AF791960B8A0841D929 /* Pods_KRNetworking.framework */; };
/* End PBXBuildFile section */

/* Begin PBXContainerItemProxy section */
		5456D8AC21B1A0A40020AB94 /* PBXContainerItemProxy */ = {
			isa = PBXContainerItemProxy;
			containerPortal = 5456D88B21B1A0A10020AB94 /* Project object */;
			proxyType = 1;
			remoteGlobalIDString = 5456D89221B1A0A10020AB94;
			remoteInfo = KRNetworking;
		};
		5456D8B721B1A0A40020AB94 /* PBXContainerItemProxy */ = {
			isa = PBXContainerItemProxy;
			containerPortal = 5456D88B21B1A0A10020AB94 /* Project object */;
			proxyType = 1;
			remoteGlobalIDString = 5456D89221B1A0A10020AB94;
			remoteInfo = KRNetworking;
		};
/* End PBXContainerItemProxy section */

/* Begin PBXFileReference section */
		104E7AF791960B8A0841D929 /* Pods_KRNetworking.framework */ = {isa = PBXFileReference; explicitFileType = wrapper.framework; includeInIndex = 0; path = Pods_KRNetworking.framework; sourceTree = BUILT_PRODUCTS_DIR; };
		5456D89321B1A0A10020AB94 /* KRNetworking.app */ = {isa = PBXFileReference; explicitFileType = wrapper.application; includeInIndex = 0; path = KRNetworking.app; sourceTree = BUILT_PRODUCTS_DIR; };
		5456D89621B1A0A10020AB94 /* AppDelegate.h */ = {isa = PBXFileReference; lastKnownFileType = sourcecode.c.h; path = AppDelegate.h; sourceTree = "<group>"; };
		5456D89721B1A0A10020AB94 /* AppDelegate.m */ = {isa = PBXFileReference; lastKnownFileType = sourcecode.c.objc; path = AppDelegate.m; sourceTree = "<group>"; };
		5456D89921B1A0A20020AB94 /* ViewController.h */ = {isa = PBXFileReference; lastKnownFileType = sourcecode.c.h; path = ViewController.h; sourceTree = "<group>"; };
		5456D89A21B1A0A20020AB94 /* ViewController.m */ = {isa = PBXFileReference; lastKnownFileType = sourcecode.c.objc; path = ViewController.m; sourceTree = "<group>"; };
		5456D89D21B1A0A20020AB94 /* Base */ = {isa = PBXFileReference; lastKnownFileType = file.storyboard; name = Base; path = Base.lproj/Main.storyboard; sourceTree = "<group>"; };
		5456D89F21B1A0A30020AB94 /* Assets.xcassets */ = {isa = PBXFileReference; lastKnownFileType = folder.assetcatalog; path = Assets.xcassets; sourceTree = "<group>"; };
		5456D8A221B1A0A30020AB94 /* Base */ = {isa = PBXFileReference; lastKnownFileType = file.storyboard; name = Base; path = Base.lproj/LaunchScreen.storyboard; sourceTree = "<group>"; };
		5456D8A421B1A0A30020AB94 /* Info.plist */ = {isa = PBXFileReference; lastKnownFileType = text.plist.xml; path = Info.plist; sourceTree = "<group>"; };
		5456D8A521B1A0A30020AB94 /* main.m */ = {isa = PBXFileReference; lastKnownFileType = sourcecode.c.objc; path = main.m; sourceTree = "<group>"; };
		5456D8AB21B1A0A40020AB94 /* KRNetworkingTests.xctest */ = {isa = PBXFileReference; explicitFileType = wrapper.cfbundle; includeInIndex = 0; path = KRNetworkingTests.xctest; sourceTree = BUILT_PRODUCTS_DIR; };
		5456D8AF21B1A0A40020AB94 /* KRNetworkingTests.m */ = {isa = PBXFileReference; lastKnownFileType = sourcecode.c.objc; path = KRNetworkingTests.m; sourceTree = "<group>"; };
		5456D8B121B1A0A40020AB94 /* Info.plist */ = {isa = PBXFileReference; lastKnownFileType = text.plist.xml; path = Info.plist; sourceTree = "<group>"; };
		5456D8B621B1A0A40020AB94 /* KRNetworkingUITests.xctest */ = {isa = PBXFileReference; explicitFileType = wrapper.cfbundle; includeInIndex = 0; path = KRNetworkingUITests.xctest; sourceTree = BUILT_PRODUCTS_DIR; };
		5456D8BA21B1A0A40020AB94 /* KRNetworkingUITests.m */ = {isa = PBXFileReference; lastKnownFileType = sourcecode.c.objc; path = KRNetworkingUITests.m; sourceTree = "<group>"; };
		5456D8BC21B1A0A40020AB94 /* Info.plist */ = {isa = PBXFileReference; lastKnownFileType = text.plist.xml; path = Info.plist; sourceTree = "<group>"; };
		5456D8C921B1A2090020AB94 /* KRBaseApi.h */ = {isa = PBXFileReference; lastKnownFileType = sourcecode.c.h; path = KRBaseApi.h; sourceTree = "<group>"; };
		5456D8CA21B1A2090020AB94 /* KRBaseApi.m */ = {isa = PBXFileReference; lastKnownFileType = sourcecode.c.objc; path = KRBaseApi.m; sourceTree = "<group>"; };
		6DF3216990D3C06EE307FE9A /* Pods-KRNetworking.debug.xcconfig */ = {isa = PBXFileReference; includeInIndex = 1; lastKnownFileType = text.xcconfig; name = "Pods-KRNetworking.debug.xcconfig"; path = "Target Support Files/Pods-KRNetworking/Pods-KRNetworking.debug.xcconfig"; sourceTree = "<group>"; };
		E92FBF8DD6CBC065A702F2E2 /* Pods-KRNetworking.release.xcconfig */ = {isa = PBXFileReference; includeInIndex = 1; lastKnownFileType = text.xcconfig; name = "Pods-KRNetworking.release.xcconfig"; path = "Target Support Files/Pods-KRNetworking/Pods-KRNetworking.release.xcconfig"; sourceTree = "<group>"; };
/* End PBXFileReference section */

/* Begin PBXFrameworksBuildPhase section */
		5456D89021B1A0A10020AB94 /* Frameworks */ = {
			isa = PBXFrameworksBuildPhase;
			buildActionMask = 2147483647;
			files = (
				A4F644B58B51AD2E7F2799FD /* Pods_KRNetworking.framework in Frameworks */,
			);
			runOnlyForDeploymentPostprocessing = 0;
		};
		5456D8A821B1A0A40020AB94 /* Frameworks */ = {
			isa = PBXFrameworksBuildPhase;
			buildActionMask = 2147483647;
			files = (
			);
			runOnlyForDeploymentPostprocessing = 0;
		};
		5456D8B321B1A0A40020AB94 /* Frameworks */ = {
			isa = PBXFrameworksBuildPhase;
			buildActionMask = 2147483647;
			files = (
			);
			runOnlyForDeploymentPostprocessing = 0;
		};
/* End PBXFrameworksBuildPhase section */

/* Begin PBXGroup section */
		2C9D49BC19D3C99DD6EA5765 /* Pods */ = {
			isa = PBXGroup;
			children = (
				6DF3216990D3C06EE307FE9A /* Pods-KRNetworking.debug.xcconfig */,
				E92FBF8DD6CBC065A702F2E2 /* Pods-KRNetworking.release.xcconfig */,
			);
			name = Pods;
			path = Pods;
			sourceTree = "<group>";
		};
		5039B32621FEDD774B9EC95C /* Frameworks */ = {
			isa = PBXGroup;
			children = (
				104E7AF791960B8A0841D929 /* Pods_KRNetworking.framework */,
			);
			name = Frameworks;
			sourceTree = "<group>";
		};
		5456D88A21B1A0A10020AB94 = {
			isa = PBXGroup;
			children = (
				5456D89521B1A0A10020AB94 /* KRNetworking */,
				5456D8AE21B1A0A40020AB94 /* KRNetworkingTests */,
				5456D8B921B1A0A40020AB94 /* KRNetworkingUITests */,
				5456D89421B1A0A10020AB94 /* Products */,
				2C9D49BC19D3C99DD6EA5765 /* Pods */,
				5039B32621FEDD774B9EC95C /* Frameworks */,
			);
			sourceTree = "<group>";
		};
		5456D89421B1A0A10020AB94 /* Products */ = {
			isa = PBXGroup;
			children = (
				5456D89321B1A0A10020AB94 /* KRNetworking.app */,
				5456D8AB21B1A0A40020AB94 /* KRNetworkingTests.xctest */,
				5456D8B621B1A0A40020AB94 /* KRNetworkingUITests.xctest */,
			);
			name = Products;
			sourceTree = "<group>";
		};
		5456D89521B1A0A10020AB94 /* KRNetworking */ = {
			isa = PBXGroup;
			children = (
				5456D8C821B1A0E60020AB94 /* KRNetworking */,
				5456D89621B1A0A10020AB94 /* AppDelegate.h */,
				5456D89721B1A0A10020AB94 /* AppDelegate.m */,
				5456D89921B1A0A20020AB94 /* ViewController.h */,
				5456D89A21B1A0A20020AB94 /* ViewController.m */,
				5456D89C21B1A0A20020AB94 /* Main.storyboard */,
				5456D89F21B1A0A30020AB94 /* Assets.xcassets */,
				5456D8A121B1A0A30020AB94 /* LaunchScreen.storyboard */,
				5456D8A421B1A0A30020AB94 /* Info.plist */,
				5456D8A521B1A0A30020AB94 /* main.m */,
			);
			path = KRNetworking;
			sourceTree = "<group>";
		};
		5456D8AE21B1A0A40020AB94 /* KRNetworkingTests */ = {
			isa = PBXGroup;
			children = (
				5456D8AF21B1A0A40020AB94 /* KRNetworkingTests.m */,
				5456D8B121B1A0A40020AB94 /* Info.plist */,
			);
			path = KRNetworkingTests;
			sourceTree = "<group>";
		};
		5456D8B921B1A0A40020AB94 /* KRNetworkingUITests */ = {
			isa = PBXGroup;
			children = (
				5456D8BA21B1A0A40020AB94 /* KRNetworkingUITests.m */,
				5456D8BC21B1A0A40020AB94 /* Info.plist */,
			);
			path = KRNetworkingUITests;
			sourceTree = "<group>";
		};
		5456D8C821B1A0E60020AB94 /* KRNetworking */ = {
			isa = PBXGroup;
			children = (
				5456D8C921B1A2090020AB94 /* KRBaseApi.h */,
				5456D8CA21B1A2090020AB94 /* KRBaseApi.m */,
			);
			path = KRNetworking;
			sourceTree = "<group>";
		};
/* End PBXGroup section */

/* Begin PBXNativeTarget section */
		5456D89221B1A0A10020AB94 /* KRNetworking */ = {
			isa = PBXNativeTarget;
			buildConfigurationList = 5456D8BF21B1A0A40020AB94 /* Build configuration list for PBXNativeTarget "KRNetworking" */;
			buildPhases = (
				0AFF6E1FD5449512EDB1378B /* [CP] Check Pods Manifest.lock */,
				5456D88F21B1A0A10020AB94 /* Sources */,
				5456D89021B1A0A10020AB94 /* Frameworks */,
				5456D89121B1A0A10020AB94 /* Resources */,
				F555AB3B106B314D25852751 /* [CP] Embed Pods Frameworks */,
			);
			buildRules = (
			);
			dependencies = (
			);
			name = KRNetworking;
			productName = KRNetworking;
			productReference = 5456D89321B1A0A10020AB94 /* KRNetworking.app */;
			productType = "com.apple.product-type.application";
		};
		5456D8AA21B1A0A40020AB94 /* KRNetworkingTests */ = {
			isa = PBXNativeTarget;
			buildConfigurationList = 5456D8C221B1A0A40020AB94 /* Build configuration list for PBXNativeTarget "KRNetworkingTests" */;
			buildPhases = (
				5456D8A721B1A0A40020AB94 /* Sources */,
				5456D8A821B1A0A40020AB94 /* Frameworks */,
				5456D8A921B1A0A40020AB94 /* Resources */,
			);
			buildRules = (
			);
			dependencies = (
				5456D8AD21B1A0A40020AB94 /* PBXTargetDependency */,
			);
			name = KRNetworkingTests;
			productName = KRNetworkingTests;
			productReference = 5456D8AB21B1A0A40020AB94 /* KRNetworkingTests.xctest */;
			productType = "com.apple.product-type.bundle.unit-test";
		};
		5456D8B521B1A0A40020AB94 /* KRNetworkingUITests */ = {
			isa = PBXNativeTarget;
			buildConfigurationList = 5456D8C521B1A0A40020AB94 /* Build configuration list for PBXNativeTarget "KRNetworkingUITests" */;
			buildPhases = (
				5456D8B221B1A0A40020AB94 /* Sources */,
				5456D8B321B1A0A40020AB94 /* Frameworks */,
				5456D8B421B1A0A40020AB94 /* Resources */,
			);
			buildRules = (
			);
			dependencies = (
				5456D8B821B1A0A40020AB94 /* PBXTargetDependency */,
			);
			name = KRNetworkingUITests;
			productName = KRNetworkingUITests;
			productReference = 5456D8B621B1A0A40020AB94 /* KRNetworkingUITests.xctest */;
			productType = "com.apple.product-type.bundle.ui-testing";
		};
/* End PBXNativeTarget section */

/* Begin PBXProject section */
		5456D88B21B1A0A10020AB94 /* Project object */ = {
			isa = PBXProject;
			attributes = {
				LastUpgradeCheck = 1010;
				ORGANIZATIONNAME = RK;
				TargetAttributes = {
					5456D89221B1A0A10020AB94 = {
						CreatedOnToolsVersion = 10.1;
					};
					5456D8AA21B1A0A40020AB94 = {
						CreatedOnToolsVersion = 10.1;
						TestTargetID = 5456D89221B1A0A10020AB94;
					};
					5456D8B521B1A0A40020AB94 = {
						CreatedOnToolsVersion = 10.1;
						TestTargetID = 5456D89221B1A0A10020AB94;
					};
				};
			};
			buildConfigurationList = 5456D88E21B1A0A10020AB94 /* Build configuration list for PBXProject "KRNetworking" */;
			compatibilityVersion = "Xcode 9.3";
			developmentRegion = en;
			hasScannedForEncodings = 0;
			knownRegions = (
				en,
				Base,
			);
			mainGroup = 5456D88A21B1A0A10020AB94;
			productRefGroup = 5456D89421B1A0A10020AB94 /* Products */;
			projectDirPath = "";
			projectRoot = "";
			targets = (
				5456D89221B1A0A10020AB94 /* KRNetworking */,
				5456D8AA21B1A0A40020AB94 /* KRNetworkingTests */,
				5456D8B521B1A0A40020AB94 /* KRNetworkingUITests */,
			);
		};
/* End PBXProject section */

/* Begin PBXResourcesBuildPhase section */
		5456D89121B1A0A10020AB94 /* Resources */ = {
			isa = PBXResourcesBuildPhase;
			buildActionMask = 2147483647;
			files = (
				5456D8A321B1A0A30020AB94 /* LaunchScreen.storyboard in Resources */,
				5456D8A021B1A0A30020AB94 /* Assets.xcassets in Resources */,
				5456D89E21B1A0A20020AB94 /* Main.storyboard in Resources */,
			);
			runOnlyForDeploymentPostprocessing = 0;
		};
		5456D8A921B1A0A40020AB94 /* Resources */ = {
			isa = PBXResourcesBuildPhase;
			buildActionMask = 2147483647;
			files = (
			);
			runOnlyForDeploymentPostprocessing = 0;
		};
		5456D8B421B1A0A40020AB94 /* Resources */ = {
			isa = PBXResourcesBuildPhase;
			buildActionMask = 2147483647;
			files = (
			);
			runOnlyForDeploymentPostprocessing = 0;
		};
/* End PBXResourcesBuildPhase section */

/* Begin PBXShellScriptBuildPhase section */
		0AFF6E1FD5449512EDB1378B /* [CP] Check Pods Manifest.lock */ = {
			isa = PBXShellScriptBuildPhase;
			buildActionMask = 2147483647;
			files = (
			);
			inputFileListPaths = (
			);
			inputPaths = (
				"${PODS_PODFILE_DIR_PATH}/Podfile.lock",
				"${PODS_ROOT}/Manifest.lock",
			);
			name = "[CP] Check Pods Manifest.lock";
			outputFileListPaths = (
			);
			outputPaths = (
				"$(DERIVED_FILE_DIR)/Pods-KRNetworking-checkManifestLockResult.txt",
			);
			runOnlyForDeploymentPostprocessing = 0;
			shellPath = /bin/sh;
			shellScript = "diff \"${PODS_PODFILE_DIR_PATH}/Podfile.lock\" \"${PODS_ROOT}/Manifest.lock\" > /dev/null\nif [ $? != 0 ] ; then\n    # print error to STDERR\n    echo \"error: The sandbox is not in sync with the Podfile.lock. Run 'pod install' or update your CocoaPods installation.\" >&2\n    exit 1\nfi\n# This output is used by Xcode 'outputs' to avoid re-running this script phase.\necho \"SUCCESS\" > \"${SCRIPT_OUTPUT_FILE_0}\"\n";
			showEnvVarsInLog = 0;
		};
		F555AB3B106B314D25852751 /* [CP] Embed Pods Frameworks */ = {
			isa = PBXShellScriptBuildPhase;
			buildActionMask = 2147483647;
			files = (
			);
			inputFileListPaths = (
			);
			inputPaths = (
				"${PODS_ROOT}/Target Support Files/Pods-KRNetworking/Pods-KRNetworking-frameworks.sh",
				"${BUILT_PRODUCTS_DIR}/AFNetworking/AFNetworking.framework",
			);
			name = "[CP] Embed Pods Frameworks";
			outputFileListPaths = (
			);
			outputPaths = (
				"${TARGET_BUILD_DIR}/${FRAMEWORKS_FOLDER_PATH}/AFNetworking.framework",
			);
			runOnlyForDeploymentPostprocessing = 0;
			shellPath = /bin/sh;
			shellScript = "\"${PODS_ROOT}/Target Support Files/Pods-KRNetworking/Pods-KRNetworking-frameworks.sh\"\n";
			showEnvVarsInLog = 0;
		};
/* End PBXShellScriptBuildPhase section */

/* Begin PBXSourcesBuildPhase section */
		5456D88F21B1A0A10020AB94 /* Sources */ = {
			isa = PBXSourcesBuildPhase;
			buildActionMask = 2147483647;
			files = (
				5456D8CB21B1A2090020AB94 /* KRBaseApi.m in Sources */,
				5456D89B21B1A0A20020AB94 /* ViewController.m in Sources */,
				5456D8A621B1A0A30020AB94 /* main.m in Sources */,
				5456D89821B1A0A10020AB94 /* AppDelegate.m in Sources */,
			);
			runOnlyForDeploymentPostprocessing = 0;
		};
		5456D8A721B1A0A40020AB94 /* Sources */ = {
			isa = PBXSourcesBuildPhase;
			buildActionMask = 2147483647;
			files = (
				5456D8B021B1A0A40020AB94 /* KRNetworkingTests.m in Sources */,
			);
			runOnlyForDeploymentPostprocessing = 0;
		};
		5456D8B221B1A0A40020AB94 /* Sources */ = {
			isa = PBXSourcesBuildPhase;
			buildActionMask = 2147483647;
			files = (
				5456D8BB21B1A0A40020AB94 /* KRNetworkingUITests.m in Sources */,
			);
			runOnlyForDeploymentPostprocessing = 0;
		};
/* End PBXSourcesBuildPhase section */

/* Begin PBXTargetDependency section */
		5456D8AD21B1A0A40020AB94 /* PBXTargetDependency */ = {
			isa = PBXTargetDependency;
			target = 5456D89221B1A0A10020AB94 /* KRNetworking */;
			targetProxy = 5456D8AC21B1A0A40020AB94 /* PBXContainerItemProxy */;
		};
		5456D8B821B1A0A40020AB94 /* PBXTargetDependency */ = {
			isa = PBXTargetDependency;
			target = 5456D89221B1A0A10020AB94 /* KRNetworking */;
			targetProxy = 5456D8B721B1A0A40020AB94 /* PBXContainerItemProxy */;
		};
/* End PBXTargetDependency section */

/* Begin PBXVariantGroup section */
		5456D89C21B1A0A20020AB94 /* Main.storyboard */ = {
			isa = PBXVariantGroup;
			children = (
				5456D89D21B1A0A20020AB94 /* Base */,
			);
			name = Main.storyboard;
			sourceTree = "<group>";
		};
		5456D8A121B1A0A30020AB94 /* LaunchScreen.storyboard */ = {
			isa = PBXVariantGroup;
			children = (
				5456D8A221B1A0A30020AB94 /* Base */,
			);
			name = LaunchScreen.storyboard;
			sourceTree = "<group>";
		};
/* End PBXVariantGroup section */

/* Begin XCBuildConfiguration section */
		5456D8BD21B1A0A40020AB94 /* Debug */ = {
			isa = XCBuildConfiguration;
			buildSettings = {
				ALWAYS_SEARCH_USER_PATHS = NO;
				CLANG_ANALYZER_NONNULL = YES;
				CLANG_ANALYZER_NUMBER_OBJECT_CONVERSION = YES_AGGRESSIVE;
				CLANG_CXX_LANGUAGE_STANDARD = "gnu++14";
				CLANG_CXX_LIBRARY = "libc++";
				CLANG_ENABLE_MODULES = YES;
				CLANG_ENABLE_OBJC_ARC = YES;
				CLANG_ENABLE_OBJC_WEAK = YES;
				CLANG_WARN_BLOCK_CAPTURE_AUTORELEASING = YES;
				CLANG_WARN_BOOL_CONVERSION = YES;
				CLANG_WARN_COMMA = YES;
				CLANG_WARN_CONSTANT_CONVERSION = YES;
				CLANG_WARN_DEPRECATED_OBJC_IMPLEMENTATIONS = YES;
				CLANG_WARN_DIRECT_OBJC_ISA_USAGE = YES_ERROR;
				CLANG_WARN_DOCUMENTATION_COMMENTS = YES;
				CLANG_WARN_EMPTY_BODY = YES;
				CLANG_WARN_ENUM_CONVERSION = YES;
				CLANG_WARN_INFINITE_RECURSION = YES;
				CLANG_WARN_INT_CONVERSION = YES;
				CLANG_WARN_NON_LITERAL_NULL_CONVERSION = YES;
				CLANG_WARN_OBJC_IMPLICIT_RETAIN_SELF = YES;
				CLANG_WARN_OBJC_LITERAL_CONVERSION = YES;
				CLANG_WARN_OBJC_ROOT_CLASS = YES_ERROR;
				CLANG_WARN_RANGE_LOOP_ANALYSIS = YES;
				CLANG_WARN_STRICT_PROTOTYPES = YES;
				CLANG_WARN_SUSPICIOUS_MOVE = YES;
				CLANG_WARN_UNGUARDED_AVAILABILITY = YES_AGGRESSIVE;
				CLANG_WARN_UNREACHABLE_CODE = YES;
				CLANG_WARN__DUPLICATE_METHOD_MATCH = YES;
				CODE_SIGN_IDENTITY = "iPhone Developer";
				COPY_PHASE_STRIP = NO;
				DEBUG_INFORMATION_FORMAT = dwarf;
				ENABLE_STRICT_OBJC_MSGSEND = YES;
				ENABLE_TESTABILITY = YES;
				GCC_C_LANGUAGE_STANDARD = gnu11;
				GCC_DYNAMIC_NO_PIC = NO;
				GCC_NO_COMMON_BLOCKS = YES;
				GCC_OPTIMIZATION_LEVEL = 0;
				GCC_PREPROCESSOR_DEFINITIONS = (
					"DEBUG=1",
					"$(inherited)",
				);
				GCC_WARN_64_TO_32_BIT_CONVERSION = YES;
				GCC_WARN_ABOUT_RETURN_TYPE = YES_ERROR;
				GCC_WARN_UNDECLARED_SELECTOR = YES;
				GCC_WARN_UNINITIALIZED_AUTOS = YES_AGGRESSIVE;
				GCC_WARN_UNUSED_FUNCTION = YES;
				GCC_WARN_UNUSED_VARIABLE = YES;
				IPHONEOS_DEPLOYMENT_TARGET = 12.1;
				MTL_ENABLE_DEBUG_INFO = INCLUDE_SOURCE;
				MTL_FAST_MATH = YES;
				ONLY_ACTIVE_ARCH = YES;
				SDKROOT = iphoneos;
			};
			name = Debug;
		};
		5456D8BE21B1A0A40020AB94 /* Release */ = {
			isa = XCBuildConfiguration;
			buildSettings = {
				ALWAYS_SEARCH_USER_PATHS = NO;
				CLANG_ANALYZER_NONNULL = YES;
				CLANG_ANALYZER_NUMBER_OBJECT_CONVERSION = YES_AGGRESSIVE;
				CLANG_CXX_LANGUAGE_STANDARD = "gnu++14";
				CLANG_CXX_LIBRARY = "libc++";
				CLANG_ENABLE_MODULES = YES;
				CLANG_ENABLE_OBJC_ARC = YES;
				CLANG_ENABLE_OBJC_WEAK = YES;
				CLANG_WARN_BLOCK_CAPTURE_AUTORELEASING = YES;
				CLANG_WARN_BOOL_CONVERSION = YES;
				CLANG_WARN_COMMA = YES;
				CLANG_WARN_CONSTANT_CONVERSION = YES;
				CLANG_WARN_DEPRECATED_OBJC_IMPLEMENTATIONS = YES;
				CLANG_WARN_DIRECT_OBJC_ISA_USAGE = YES_ERROR;
				CLANG_WARN_DOCUMENTATION_COMMENTS = YES;
				CLANG_WARN_EMPTY_BODY = YES;
				CLANG_WARN_ENUM_CONVERSION = YES;
				CLANG_WARN_INFINITE_RECURSION = YES;
				CLANG_WARN_INT_CONVERSION = YES;
				CLANG_WARN_NON_LITERAL_NULL_CONVERSION = YES;
				CLANG_WARN_OBJC_IMPLICIT_RETAIN_SELF = YES;
				CLANG_WARN_OBJC_LITERAL_CONVERSION = YES;
				CLANG_WARN_OBJC_ROOT_CLASS = YES_ERROR;
				CLANG_WARN_RANGE_LOOP_ANALYSIS = YES;
				CLANG_WARN_STRICT_PROTOTYPES = YES;
				CLANG_WARN_SUSPICIOUS_MOVE = YES;
				CLANG_WARN_UNGUARDED_AVAILABILITY = YES_AGGRESSIVE;
				CLANG_WARN_UNREACHABLE_CODE = YES;
				CLANG_WARN__DUPLICATE_METHOD_MATCH = YES;
				CODE_SIGN_IDENTITY = "iPhone Developer";
				COPY_PHASE_STRIP = NO;
				DEBUG_INFORMATION_FORMAT = "dwarf-with-dsym";
				ENABLE_NS_ASSERTIONS = NO;
				ENABLE_STRICT_OBJC_MSGSEND = YES;
				GCC_C_LANGUAGE_STANDARD = gnu11;
				GCC_NO_COMMON_BLOCKS = YES;
				GCC_WARN_64_TO_32_BIT_CONVERSION = YES;
				GCC_WARN_ABOUT_RETURN_TYPE = YES_ERROR;
				GCC_WARN_UNDECLARED_SELECTOR = YES;
				GCC_WARN_UNINITIALIZED_AUTOS = YES_AGGRESSIVE;
				GCC_WARN_UNUSED_FUNCTION = YES;
				GCC_WARN_UNUSED_VARIABLE = YES;
				IPHONEOS_DEPLOYMENT_TARGET = 12.1;
				MTL_ENABLE_DEBUG_INFO = NO;
				MTL_FAST_MATH = YES;
				SDKROOT = iphoneos;
				VALIDATE_PRODUCT = YES;
			};
			name = Release;
		};
		5456D8C021B1A0A40020AB94 /* Debug */ = {
			isa = XCBuildConfiguration;
			baseConfigurationReference = 6DF3216990D3C06EE307FE9A /* Pods-KRNetworking.debug.xcconfig */;
			buildSettings = {
				ASSETCATALOG_COMPILER_APPICON_NAME = AppIcon;
				CODE_SIGN_STYLE = Automatic;
				INFOPLIST_FILE = KRNetworking/Info.plist;
				LD_RUNPATH_SEARCH_PATHS = (
					"$(inherited)",
					"@executable_path/Frameworks",
				);
				PRODUCT_BUNDLE_IDENTIFIER = com.kr.KRNetworking;
				PRODUCT_NAME = "$(TARGET_NAME)";
				TARGETED_DEVICE_FAMILY = "1,2";
			};
			name = Debug;
		};
		5456D8C121B1A0A40020AB94 /* Release */ = {
			isa = XCBuildConfiguration;
			baseConfigurationReference = E92FBF8DD6CBC065A702F2E2 /* Pods-KRNetworking.release.xcconfig */;
			buildSettings = {
				ASSETCATALOG_COMPILER_APPICON_NAME = AppIcon;
				CODE_SIGN_STYLE = Automatic;
				INFOPLIST_FILE = KRNetworking/Info.plist;
				LD_RUNPATH_SEARCH_PATHS = (
					"$(inherited)",
					"@executable_path/Frameworks",
				);
				PRODUCT_BUNDLE_IDENTIFIER = com.kr.KRNetworking;
				PRODUCT_NAME = "$(TARGET_NAME)";
				TARGETED_DEVICE_FAMILY = "1,2";
			};
			name = Release;
		};
		5456D8C321B1A0A40020AB94 /* Debug */ = {
			isa = XCBuildConfiguration;
			buildSettings = {
				BUNDLE_LOADER = "$(TEST_HOST)";
				CODE_SIGN_STYLE = Automatic;
				INFOPLIST_FILE = KRNetworkingTests/Info.plist;
				LD_RUNPATH_SEARCH_PATHS = (
					"$(inherited)",
					"@executable_path/Frameworks",
					"@loader_path/Frameworks",
				);
				PRODUCT_BUNDLE_IDENTIFIER = com.kr.KRNetworkingTests;
				PRODUCT_NAME = "$(TARGET_NAME)";
				TARGETED_DEVICE_FAMILY = "1,2";
				TEST_HOST = "$(BUILT_PRODUCTS_DIR)/KRNetworking.app/KRNetworking";
			};
			name = Debug;
		};
		5456D8C421B1A0A40020AB94 /* Release */ = {
			isa = XCBuildConfiguration;
			buildSettings = {
				BUNDLE_LOADER = "$(TEST_HOST)";
				CODE_SIGN_STYLE = Automatic;
				INFOPLIST_FILE = KRNetworkingTests/Info.plist;
				LD_RUNPATH_SEARCH_PATHS = (
					"$(inherited)",
					"@executable_path/Frameworks",
					"@loader_path/Frameworks",
				);
				PRODUCT_BUNDLE_IDENTIFIER = com.kr.KRNetworkingTests;
				PRODUCT_NAME = "$(TARGET_NAME)";
				TARGETED_DEVICE_FAMILY = "1,2";
				TEST_HOST = "$(BUILT_PRODUCTS_DIR)/KRNetworking.app/KRNetworking";
			};
			name = Release;
		};
		5456D8C621B1A0A40020AB94 /* Debug */ = {
			isa = XCBuildConfiguration;
			buildSettings = {
				CODE_SIGN_STYLE = Automatic;
				INFOPLIST_FILE = KRNetworkingUITests/Info.plist;
				LD_RUNPATH_SEARCH_PATHS = (
					"$(inherited)",
					"@executable_path/Frameworks",
					"@loader_path/Frameworks",
				);
				PRODUCT_BUNDLE_IDENTIFIER = com.kr.KRNetworkingUITests;
				PRODUCT_NAME = "$(TARGET_NAME)";
				TARGETED_DEVICE_FAMILY = "1,2";
				TEST_TARGET_NAME = KRNetworking;
			};
			name = Debug;
		};
		5456D8C721B1A0A40020AB94 /* Release */ = {
			isa = XCBuildConfiguration;
			buildSettings = {
				CODE_SIGN_STYLE = Automatic;
				INFOPLIST_FILE = KRNetworkingUITests/Info.plist;
				LD_RUNPATH_SEARCH_PATHS = (
					"$(inherited)",
					"@executable_path/Frameworks",
					"@loader_path/Frameworks",
				);
				PRODUCT_BUNDLE_IDENTIFIER = com.kr.KRNetworkingUITests;
				PRODUCT_NAME = "$(TARGET_NAME)";
				TARGETED_DEVICE_FAMILY = "1,2";
				TEST_TARGET_NAME = KRNetworking;
			};
			name = Release;
		};
/* End XCBuildConfiguration section */

/* Begin XCConfigurationList section */
		5456D88E21B1A0A10020AB94 /* Build configuration list for PBXProject "KRNetworking" */ = {
			isa = XCConfigurationList;
			buildConfigurations = (
				5456D8BD21B1A0A40020AB94 /* Debug */,
				5456D8BE21B1A0A40020AB94 /* Release */,
			);
			defaultConfigurationIsVisible = 0;
			defaultConfigurationName = Release;
		};
		5456D8BF21B1A0A40020AB94 /* Build configuration list for PBXNativeTarget "KRNetworking" */ = {
			isa = XCConfigurationList;
			buildConfigurations = (
				5456D8C021B1A0A40020AB94 /* Debug */,
				5456D8C121B1A0A40020AB94 /* Release */,
			);
			defaultConfigurationIsVisible = 0;
			defaultConfigurationName = Release;
		};
		5456D8C221B1A0A40020AB94 /* Build configuration list for PBXNativeTarget "KRNetworkingTests" */ = {
			isa = XCConfigurationList;
			buildConfigurations = (
				5456D8C321B1A0A40020AB94 /* Debug */,
				5456D8C421B1A0A40020AB94 /* Release */,
			);
			defaultConfigurationIsVisible = 0;
			defaultConfigurationName = Release;
		};
		5456D8C521B1A0A40020AB94 /* Build configuration list for PBXNativeTarget "KRNetworkingUITests" */ = {
			isa = XCConfigurationList;
			buildConfigurations = (
				5456D8C621B1A0A40020AB94 /* Debug */,
				5456D8C721B1A0A40020AB94 /* Release */,
			);
			defaultConfigurationIsVisible = 0;
			defaultConfigurationName = Release;
		};
/* End XCConfigurationList section */
	};
	rootObject = 5456D88B21B1A0A10020AB94 /* Project object */;
}
