// !$*UTF8*$!
{
	archiveVersion = 1;
	classes = {
	};
	objectVersion = 50;
	objects = {

/* Begin PBXBuildFile section */
		5482C0882176118C00FE61FC /* AppDelegate.m in Sources */ = {isa = PBXBuildFile; fileRef = 5482C0872176118C00FE61FC /* AppDelegate.m */; };
		5482C08B2176118C00FE61FC /* ViewController.m in Sources */ = {isa = PBXBuildFile; fileRef = 5482C08A2176118C00FE61FC /* ViewController.m */; };
		5482C08E2176118C00FE61FC /* Main.storyboard in Resources */ = {isa = PBXBuildFile; fileRef = 5482C08C2176118C00FE61FC /* Main.storyboard */; };
		5482C0902176118D00FE61FC /* Assets.xcassets in Resources */ = {isa = PBXBuildFile; fileRef = 5482C08F2176118D00FE61FC /* Assets.xcassets */; };
		5482C0932176118D00FE61FC /* LaunchScreen.storyboard in Resources */ = {isa = PBXBuildFile; fileRef = 5482C0912176118D00FE61FC /* LaunchScreen.storyboard */; };
		5482C0962176118D00FE61FC /* main.m in Sources */ = {isa = PBXBuildFile; fileRef = 5482C0952176118D00FE61FC /* main.m */; };
		5482C0A02176118E00FE61FC /* KRLoginTests.m in Sources */ = {isa = PBXBuildFile; fileRef = 5482C09F2176118E00FE61FC /* KRLoginTests.m */; };
		5482C0AB2176118E00FE61FC /* KRLoginUITests.m in Sources */ = {isa = PBXBuildFile; fileRef = 5482C0AA2176118E00FE61FC /* KRLoginUITests.m */; };
		5482C0D5217613DC00FE61FC /* KRPasswordLoginView.m in Sources */ = {isa = PBXBuildFile; fileRef = 5482C0CC217613DC00FE61FC /* KRPasswordLoginView.m */; };
		5482C0D92176140C00FE61FC /* KRPasswordViewController.m in Sources */ = {isa = PBXBuildFile; fileRef = 5482C0D82176140C00FE61FC /* KRPasswordViewController.m */; };
		54FFE87E217757CD00B2CDFC /* KRPasswordLoginView.xib in Resources */ = {isa = PBXBuildFile; fileRef = 54FFE87D217757CD00B2CDFC /* KRPasswordLoginView.xib */; };
/* End PBXBuildFile section */

/* Begin PBXContainerItemProxy section */
		5482C09C2176118E00FE61FC /* PBXContainerItemProxy */ = {
			isa = PBXContainerItemProxy;
			containerPortal = 5482C07B2176118C00FE61FC /* Project object */;
			proxyType = 1;
			remoteGlobalIDString = 5482C0822176118C00FE61FC;
			remoteInfo = KRLogin;
		};
		5482C0A72176118E00FE61FC /* PBXContainerItemProxy */ = {
			isa = PBXContainerItemProxy;
			containerPortal = 5482C07B2176118C00FE61FC /* Project object */;
			proxyType = 1;
			remoteGlobalIDString = 5482C0822176118C00FE61FC;
			remoteInfo = KRLogin;
		};
/* End PBXContainerItemProxy section */

/* Begin PBXFileReference section */
		5482C0832176118C00FE61FC /* KRLogin.app */ = {isa = PBXFileReference; explicitFileType = wrapper.application; includeInIndex = 0; path = KRLogin.app; sourceTree = BUILT_PRODUCTS_DIR; };
		5482C0862176118C00FE61FC /* AppDelegate.h */ = {isa = PBXFileReference; lastKnownFileType = sourcecode.c.h; path = AppDelegate.h; sourceTree = "<group>"; };
		5482C0872176118C00FE61FC /* AppDelegate.m */ = {isa = PBXFileReference; lastKnownFileType = sourcecode.c.objc; path = AppDelegate.m; sourceTree = "<group>"; };
		5482C0892176118C00FE61FC /* ViewController.h */ = {isa = PBXFileReference; lastKnownFileType = sourcecode.c.h; path = ViewController.h; sourceTree = "<group>"; };
		5482C08A2176118C00FE61FC /* ViewController.m */ = {isa = PBXFileReference; lastKnownFileType = sourcecode.c.objc; path = ViewController.m; sourceTree = "<group>"; };
		5482C08D2176118C00FE61FC /* Base */ = {isa = PBXFileReference; lastKnownFileType = file.storyboard; name = Base; path = Base.lproj/Main.storyboard; sourceTree = "<group>"; };
		5482C08F2176118D00FE61FC /* Assets.xcassets */ = {isa = PBXFileReference; lastKnownFileType = folder.assetcatalog; path = Assets.xcassets; sourceTree = "<group>"; };
		5482C0922176118D00FE61FC /* Base */ = {isa = PBXFileReference; lastKnownFileType = file.storyboard; name = Base; path = Base.lproj/LaunchScreen.storyboard; sourceTree = "<group>"; };
		5482C0942176118D00FE61FC /* Info.plist */ = {isa = PBXFileReference; lastKnownFileType = text.plist.xml; path = Info.plist; sourceTree = "<group>"; };
		5482C0952176118D00FE61FC /* main.m */ = {isa = PBXFileReference; lastKnownFileType = sourcecode.c.objc; path = main.m; sourceTree = "<group>"; };
		5482C09B2176118E00FE61FC /* KRLoginTests.xctest */ = {isa = PBXFileReference; explicitFileType = wrapper.cfbundle; includeInIndex = 0; path = KRLoginTests.xctest; sourceTree = BUILT_PRODUCTS_DIR; };
		5482C09F2176118E00FE61FC /* KRLoginTests.m */ = {isa = PBXFileReference; lastKnownFileType = sourcecode.c.objc; path = KRLoginTests.m; sourceTree = "<group>"; };
		5482C0A12176118E00FE61FC /* Info.plist */ = {isa = PBXFileReference; lastKnownFileType = text.plist.xml; path = Info.plist; sourceTree = "<group>"; };
		5482C0A62176118E00FE61FC /* KRLoginUITests.xctest */ = {isa = PBXFileReference; explicitFileType = wrapper.cfbundle; includeInIndex = 0; path = KRLoginUITests.xctest; sourceTree = BUILT_PRODUCTS_DIR; };
		5482C0AA2176118E00FE61FC /* KRLoginUITests.m */ = {isa = PBXFileReference; lastKnownFileType = sourcecode.c.objc; path = KRLoginUITests.m; sourceTree = "<group>"; };
		5482C0AC2176118E00FE61FC /* Info.plist */ = {isa = PBXFileReference; lastKnownFileType = text.plist.xml; path = Info.plist; sourceTree = "<group>"; };
		5482C0CB217613DC00FE61FC /* KRPasswordLoginView.h */ = {isa = PBXFileReference; fileEncoding = 4; lastKnownFileType = sourcecode.c.h; path = KRPasswordLoginView.h; sourceTree = "<group>"; };
		5482C0CC217613DC00FE61FC /* KRPasswordLoginView.m */ = {isa = PBXFileReference; fileEncoding = 4; lastKnownFileType = sourcecode.c.objc; path = KRPasswordLoginView.m; sourceTree = "<group>"; };
		5482C0D72176140C00FE61FC /* KRPasswordViewController.h */ = {isa = PBXFileReference; lastKnownFileType = sourcecode.c.h; path = KRPasswordViewController.h; sourceTree = "<group>"; };
		5482C0D82176140C00FE61FC /* KRPasswordViewController.m */ = {isa = PBXFileReference; lastKnownFileType = sourcecode.c.objc; path = KRPasswordViewController.m; sourceTree = "<group>"; };
		54FFE87D217757CD00B2CDFC /* KRPasswordLoginView.xib */ = {isa = PBXFileReference; lastKnownFileType = file.xib; path = KRPasswordLoginView.xib; sourceTree = "<group>"; };
/* End PBXFileReference section */

/* Begin PBXFrameworksBuildPhase section */
		5482C0802176118C00FE61FC /* Frameworks */ = {
			isa = PBXFrameworksBuildPhase;
			buildActionMask = 2147483647;
			files = (
			);
			runOnlyForDeploymentPostprocessing = 0;
		};
		5482C0982176118E00FE61FC /* Frameworks */ = {
			isa = PBXFrameworksBuildPhase;
			buildActionMask = 2147483647;
			files = (
			);
			runOnlyForDeploymentPostprocessing = 0;
		};
		5482C0A32176118E00FE61FC /* Frameworks */ = {
			isa = PBXFrameworksBuildPhase;
			buildActionMask = 2147483647;
			files = (
			);
			runOnlyForDeploymentPostprocessing = 0;
		};
/* End PBXFrameworksBuildPhase section */

/* Begin PBXGroup section */
		5482C07A2176118C00FE61FC = {
			isa = PBXGroup;
			children = (
				5482C0852176118C00FE61FC /* KRLogin */,
				5482C09E2176118E00FE61FC /* KRLoginTests */,
				5482C0A92176118E00FE61FC /* KRLoginUITests */,
				5482C0842176118C00FE61FC /* Products */,
			);
			sourceTree = "<group>";
		};
		5482C0842176118C00FE61FC /* Products */ = {
			isa = PBXGroup;
			children = (
				5482C0832176118C00FE61FC /* KRLogin.app */,
				5482C09B2176118E00FE61FC /* KRLoginTests.xctest */,
				5482C0A62176118E00FE61FC /* KRLoginUITests.xctest */,
			);
			name = Products;
			sourceTree = "<group>";
		};
		5482C0852176118C00FE61FC /* KRLogin */ = {
			isa = PBXGroup;
			children = (
				5482C0C7217613DC00FE61FC /* Module */,
				5482C0862176118C00FE61FC /* AppDelegate.h */,
				5482C0872176118C00FE61FC /* AppDelegate.m */,
				5482C0892176118C00FE61FC /* ViewController.h */,
				5482C08A2176118C00FE61FC /* ViewController.m */,
				5482C08C2176118C00FE61FC /* Main.storyboard */,
				5482C08F2176118D00FE61FC /* Assets.xcassets */,
				5482C0912176118D00FE61FC /* LaunchScreen.storyboard */,
				5482C0942176118D00FE61FC /* Info.plist */,
				5482C0952176118D00FE61FC /* main.m */,
			);
			path = KRLogin;
			sourceTree = "<group>";
		};
		5482C09E2176118E00FE61FC /* KRLoginTests */ = {
			isa = PBXGroup;
			children = (
				5482C09F2176118E00FE61FC /* KRLoginTests.m */,
				5482C0A12176118E00FE61FC /* Info.plist */,
			);
			path = KRLoginTests;
			sourceTree = "<group>";
		};
		5482C0A92176118E00FE61FC /* KRLoginUITests */ = {
			isa = PBXGroup;
			children = (
				5482C0AA2176118E00FE61FC /* KRLoginUITests.m */,
				5482C0AC2176118E00FE61FC /* Info.plist */,
			);
			path = KRLoginUITests;
			sourceTree = "<group>";
		};
		5482C0C7217613DC00FE61FC /* Module */ = {
			isa = PBXGroup;
			children = (
				5482C0C8217613DC00FE61FC /* PasswordLogin */,
				5482C0CD217613DC00FE61FC /* FindPassword */,
			);
			path = Module;
			sourceTree = "<group>";
		};
		5482C0C8217613DC00FE61FC /* PasswordLogin */ = {
			isa = PBXGroup;
			children = (
				5482C0C9217613DC00FE61FC /* Controller */,
				5482C0CA217613DC00FE61FC /* View */,
			);
			path = PasswordLogin;
			sourceTree = "<group>";
		};
		5482C0C9217613DC00FE61FC /* Controller */ = {
			isa = PBXGroup;
			children = (
				5482C0D72176140C00FE61FC /* KRPasswordViewController.h */,
				5482C0D82176140C00FE61FC /* KRPasswordViewController.m */,
			);
			path = Controller;
			sourceTree = "<group>";
		};
		5482C0CA217613DC00FE61FC /* View */ = {
			isa = PBXGroup;
			children = (
				5482C0CB217613DC00FE61FC /* KRPasswordLoginView.h */,
				5482C0CC217613DC00FE61FC /* KRPasswordLoginView.m */,
				54FFE87D217757CD00B2CDFC /* KRPasswordLoginView.xib */,
			);
			path = View;
			sourceTree = "<group>";
		};
		5482C0CD217613DC00FE61FC /* FindPassword */ = {
			isa = PBXGroup;
			children = (
				5482C0CE217613DC00FE61FC /* Controller */,
				5482C0CF217613DC00FE61FC /* View */,
			);
			path = FindPassword;
			sourceTree = "<group>";
		};
		5482C0CE217613DC00FE61FC /* Controller */ = {
			isa = PBXGroup;
			children = (
			);
			path = Controller;
			sourceTree = "<group>";
		};
		5482C0CF217613DC00FE61FC /* View */ = {
			isa = PBXGroup;
			children = (
			);
			path = View;
			sourceTree = "<group>";
		};
/* End PBXGroup section */

/* Begin PBXNativeTarget section */
		5482C0822176118C00FE61FC /* KRLogin */ = {
			isa = PBXNativeTarget;
			buildConfigurationList = 5482C0AF2176118E00FE61FC /* Build configuration list for PBXNativeTarget "KRLogin" */;
			buildPhases = (
				5482C07F2176118C00FE61FC /* Sources */,
				5482C0802176118C00FE61FC /* Frameworks */,
				5482C0812176118C00FE61FC /* Resources */,
			);
			buildRules = (
			);
			dependencies = (
			);
			name = KRLogin;
			productName = KRLogin;
			productReference = 5482C0832176118C00FE61FC /* KRLogin.app */;
			productType = "com.apple.product-type.application";
		};
		5482C09A2176118E00FE61FC /* KRLoginTests */ = {
			isa = PBXNativeTarget;
			buildConfigurationList = 5482C0B22176118E00FE61FC /* Build configuration list for PBXNativeTarget "KRLoginTests" */;
			buildPhases = (
				5482C0972176118E00FE61FC /* Sources */,
				5482C0982176118E00FE61FC /* Frameworks */,
				5482C0992176118E00FE61FC /* Resources */,
			);
			buildRules = (
			);
			dependencies = (
				5482C09D2176118E00FE61FC /* PBXTargetDependency */,
			);
			name = KRLoginTests;
			productName = KRLoginTests;
			productReference = 5482C09B2176118E00FE61FC /* KRLoginTests.xctest */;
			productType = "com.apple.product-type.bundle.unit-test";
		};
		5482C0A52176118E00FE61FC /* KRLoginUITests */ = {
			isa = PBXNativeTarget;
			buildConfigurationList = 5482C0B52176118E00FE61FC /* Build configuration list for PBXNativeTarget "KRLoginUITests" */;
			buildPhases = (
				5482C0A22176118E00FE61FC /* Sources */,
				5482C0A32176118E00FE61FC /* Frameworks */,
				5482C0A42176118E00FE61FC /* Resources */,
			);
			buildRules = (
			);
			dependencies = (
				5482C0A82176118E00FE61FC /* PBXTargetDependency */,
			);
			name = KRLoginUITests;
			productName = KRLoginUITests;
			productReference = 5482C0A62176118E00FE61FC /* KRLoginUITests.xctest */;
			productType = "com.apple.product-type.bundle.ui-testing";
		};
/* End PBXNativeTarget section */

/* Begin PBXProject section */
		5482C07B2176118C00FE61FC /* Project object */ = {
			isa = PBXProject;
			attributes = {
				LastUpgradeCheck = 1000;
				ORGANIZATIONNAME = RK;
				TargetAttributes = {
					5482C0822176118C00FE61FC = {
						CreatedOnToolsVersion = 10.0;
					};
					5482C09A2176118E00FE61FC = {
						CreatedOnToolsVersion = 10.0;
						TestTargetID = 5482C0822176118C00FE61FC;
					};
					5482C0A52176118E00FE61FC = {
						CreatedOnToolsVersion = 10.0;
						TestTargetID = 5482C0822176118C00FE61FC;
					};
				};
			};
			buildConfigurationList = 5482C07E2176118C00FE61FC /* Build configuration list for PBXProject "KRLogin" */;
			compatibilityVersion = "Xcode 9.3";
			developmentRegion = en;
			hasScannedForEncodings = 0;
			knownRegions = (
				en,
				Base,
			);
			mainGroup = 5482C07A2176118C00FE61FC;
			productRefGroup = 5482C0842176118C00FE61FC /* Products */;
			projectDirPath = "";
			projectRoot = "";
			targets = (
				5482C0822176118C00FE61FC /* KRLogin */,
				5482C09A2176118E00FE61FC /* KRLoginTests */,
				5482C0A52176118E00FE61FC /* KRLoginUITests */,
			);
		};
/* End PBXProject section */

/* Begin PBXResourcesBuildPhase section */
		5482C0812176118C00FE61FC /* Resources */ = {
			isa = PBXResourcesBuildPhase;
			buildActionMask = 2147483647;
			files = (
				5482C0932176118D00FE61FC /* LaunchScreen.storyboard in Resources */,
				5482C0902176118D00FE61FC /* Assets.xcassets in Resources */,
				54FFE87E217757CD00B2CDFC /* KRPasswordLoginView.xib in Resources */,
				5482C08E2176118C00FE61FC /* Main.storyboard in Resources */,
			);
			runOnlyForDeploymentPostprocessing = 0;
		};
		5482C0992176118E00FE61FC /* Resources */ = {
			isa = PBXResourcesBuildPhase;
			buildActionMask = 2147483647;
			files = (
			);
			runOnlyForDeploymentPostprocessing = 0;
		};
		5482C0A42176118E00FE61FC /* Resources */ = {
			isa = PBXResourcesBuildPhase;
			buildActionMask = 2147483647;
			files = (
			);
			runOnlyForDeploymentPostprocessing = 0;
		};
/* End PBXResourcesBuildPhase section */

/* Begin PBXSourcesBuildPhase section */
		5482C07F2176118C00FE61FC /* Sources */ = {
			isa = PBXSourcesBuildPhase;
			buildActionMask = 2147483647;
			files = (
				5482C0D5217613DC00FE61FC /* KRPasswordLoginView.m in Sources */,
				5482C08B2176118C00FE61FC /* ViewController.m in Sources */,
				5482C0D92176140C00FE61FC /* KRPasswordViewController.m in Sources */,
				5482C0962176118D00FE61FC /* main.m in Sources */,
				5482C0882176118C00FE61FC /* AppDelegate.m in Sources */,
			);
			runOnlyForDeploymentPostprocessing = 0;
		};
		5482C0972176118E00FE61FC /* Sources */ = {
			isa = PBXSourcesBuildPhase;
			buildActionMask = 2147483647;
			files = (
				5482C0A02176118E00FE61FC /* KRLoginTests.m in Sources */,
			);
			runOnlyForDeploymentPostprocessing = 0;
		};
		5482C0A22176118E00FE61FC /* Sources */ = {
			isa = PBXSourcesBuildPhase;
			buildActionMask = 2147483647;
			files = (
				5482C0AB2176118E00FE61FC /* KRLoginUITests.m in Sources */,
			);
			runOnlyForDeploymentPostprocessing = 0;
		};
/* End PBXSourcesBuildPhase section */

/* Begin PBXTargetDependency section */
		5482C09D2176118E00FE61FC /* PBXTargetDependency */ = {
			isa = PBXTargetDependency;
			target = 5482C0822176118C00FE61FC /* KRLogin */;
			targetProxy = 5482C09C2176118E00FE61FC /* PBXContainerItemProxy */;
		};
		5482C0A82176118E00FE61FC /* PBXTargetDependency */ = {
			isa = PBXTargetDependency;
			target = 5482C0822176118C00FE61FC /* KRLogin */;
			targetProxy = 5482C0A72176118E00FE61FC /* PBXContainerItemProxy */;
		};
/* End PBXTargetDependency section */

/* Begin PBXVariantGroup section */
		5482C08C2176118C00FE61FC /* Main.storyboard */ = {
			isa = PBXVariantGroup;
			children = (
				5482C08D2176118C00FE61FC /* Base */,
			);
			name = Main.storyboard;
			sourceTree = "<group>";
		};
		5482C0912176118D00FE61FC /* LaunchScreen.storyboard */ = {
			isa = PBXVariantGroup;
			children = (
				5482C0922176118D00FE61FC /* Base */,
			);
			name = LaunchScreen.storyboard;
			sourceTree = "<group>";
		};
/* End PBXVariantGroup section */

/* Begin XCBuildConfiguration section */
		5482C0AD2176118E00FE61FC /* Debug */ = {
			isa = XCBuildConfiguration;
			buildSettings = {
				ALWAYS_SEARCH_USER_PATHS = NO;
				CLANG_ANALYZER_NONNULL = YES;
				CLANG_ANALYZER_NUMBER_OBJECT_CONVERSION = YES_AGGRESSIVE;
				CLANG_CXX_LANGUAGE_STANDARD = "gnu++14";
				CLANG_CXX_LIBRARY = "libc++";
				CLANG_ENABLE_MODULES = YES;
				CLANG_ENABLE_OBJC_ARC = YES;
				CLANG_ENABLE_OBJC_WEAK = YES;
				CLANG_WARN_BLOCK_CAPTURE_AUTORELEASING = YES;
				CLANG_WARN_BOOL_CONVERSION = YES;
				CLANG_WARN_COMMA = YES;
				CLANG_WARN_CONSTANT_CONVERSION = YES;
				CLANG_WARN_DEPRECATED_OBJC_IMPLEMENTATIONS = YES;
				CLANG_WARN_DIRECT_OBJC_ISA_USAGE = YES_ERROR;
				CLANG_WARN_DOCUMENTATION_COMMENTS = YES;
				CLANG_WARN_EMPTY_BODY = YES;
				CLANG_WARN_ENUM_CONVERSION = YES;
				CLANG_WARN_INFINITE_RECURSION = YES;
				CLANG_WARN_INT_CONVERSION = YES;
				CLANG_WARN_NON_LITERAL_NULL_CONVERSION = YES;
				CLANG_WARN_OBJC_IMPLICIT_RETAIN_SELF = YES;
				CLANG_WARN_OBJC_LITERAL_CONVERSION = YES;
				CLANG_WARN_OBJC_ROOT_CLASS = YES_ERROR;
				CLANG_WARN_RANGE_LOOP_ANALYSIS = YES;
				CLANG_WARN_STRICT_PROTOTYPES = YES;
				CLANG_WARN_SUSPICIOUS_MOVE = YES;
				CLANG_WARN_UNGUARDED_AVAILABILITY = YES_AGGRESSIVE;
				CLANG_WARN_UNREACHABLE_CODE = YES;
				CLANG_WARN__DUPLICATE_METHOD_MATCH = YES;
				CODE_SIGN_IDENTITY = "iPhone Developer";
				COPY_PHASE_STRIP = NO;
				DEBUG_INFORMATION_FORMAT = dwarf;
				ENABLE_STRICT_OBJC_MSGSEND = YES;
				ENABLE_TESTABILITY = YES;
				GCC_C_LANGUAGE_STANDARD = gnu11;
				GCC_DYNAMIC_NO_PIC = NO;
				GCC_NO_COMMON_BLOCKS = YES;
				GCC_OPTIMIZATION_LEVEL = 0;
				GCC_PREPROCESSOR_DEFINITIONS = (
					"DEBUG=1",
					"$(inherited)",
				);
				GCC_WARN_64_TO_32_BIT_CONVERSION = YES;
				GCC_WARN_ABOUT_RETURN_TYPE = YES_ERROR;
				GCC_WARN_UNDECLARED_SELECTOR = YES;
				GCC_WARN_UNINITIALIZED_AUTOS = YES_AGGRESSIVE;
				GCC_WARN_UNUSED_FUNCTION = YES;
				GCC_WARN_UNUSED_VARIABLE = YES;
				IPHONEOS_DEPLOYMENT_TARGET = 12.0;
				MTL_ENABLE_DEBUG_INFO = INCLUDE_SOURCE;
				MTL_FAST_MATH = YES;
				ONLY_ACTIVE_ARCH = YES;
				SDKROOT = iphoneos;
			};
			name = Debug;
		};
		5482C0AE2176118E00FE61FC /* Release */ = {
			isa = XCBuildConfiguration;
			buildSettings = {
				ALWAYS_SEARCH_USER_PATHS = NO;
				CLANG_ANALYZER_NONNULL = YES;
				CLANG_ANALYZER_NUMBER_OBJECT_CONVERSION = YES_AGGRESSIVE;
				CLANG_CXX_LANGUAGE_STANDARD = "gnu++14";
				CLANG_CXX_LIBRARY = "libc++";
				CLANG_ENABLE_MODULES = YES;
				CLANG_ENABLE_OBJC_ARC = YES;
				CLANG_ENABLE_OBJC_WEAK = YES;
				CLANG_WARN_BLOCK_CAPTURE_AUTORELEASING = YES;
				CLANG_WARN_BOOL_CONVERSION = YES;
				CLANG_WARN_COMMA = YES;
				CLANG_WARN_CONSTANT_CONVERSION = YES;
				CLANG_WARN_DEPRECATED_OBJC_IMPLEMENTATIONS = YES;
				CLANG_WARN_DIRECT_OBJC_ISA_USAGE = YES_ERROR;
				CLANG_WARN_DOCUMENTATION_COMMENTS = YES;
				CLANG_WARN_EMPTY_BODY = YES;
				CLANG_WARN_ENUM_CONVERSION = YES;
				CLANG_WARN_INFINITE_RECURSION = YES;
				CLANG_WARN_INT_CONVERSION = YES;
				CLANG_WARN_NON_LITERAL_NULL_CONVERSION = YES;
				CLANG_WARN_OBJC_IMPLICIT_RETAIN_SELF = YES;
				CLANG_WARN_OBJC_LITERAL_CONVERSION = YES;
				CLANG_WARN_OBJC_ROOT_CLASS = YES_ERROR;
				CLANG_WARN_RANGE_LOOP_ANALYSIS = YES;
				CLANG_WARN_STRICT_PROTOTYPES = YES;
				CLANG_WARN_SUSPICIOUS_MOVE = YES;
				CLANG_WARN_UNGUARDED_AVAILABILITY = YES_AGGRESSIVE;
				CLANG_WARN_UNREACHABLE_CODE = YES;
				CLANG_WARN__DUPLICATE_METHOD_MATCH = YES;
				CODE_SIGN_IDENTITY = "iPhone Developer";
				COPY_PHASE_STRIP = NO;
				DEBUG_INFORMATION_FORMAT = "dwarf-with-dsym";
				ENABLE_NS_ASSERTIONS = NO;
				ENABLE_STRICT_OBJC_MSGSEND = YES;
				GCC_C_LANGUAGE_STANDARD = gnu11;
				GCC_NO_COMMON_BLOCKS = YES;
				GCC_WARN_64_TO_32_BIT_CONVERSION = YES;
				GCC_WARN_ABOUT_RETURN_TYPE = YES_ERROR;
				GCC_WARN_UNDECLARED_SELECTOR = YES;
				GCC_WARN_UNINITIALIZED_AUTOS = YES_AGGRESSIVE;
				GCC_WARN_UNUSED_FUNCTION = YES;
				GCC_WARN_UNUSED_VARIABLE = YES;
				IPHONEOS_DEPLOYMENT_TARGET = 12.0;
				MTL_ENABLE_DEBUG_INFO = NO;
				MTL_FAST_MATH = YES;
				SDKROOT = iphoneos;
				VALIDATE_PRODUCT = YES;
			};
			name = Release;
		};
		5482C0B02176118E00FE61FC /* Debug */ = {
			isa = XCBuildConfiguration;
			buildSettings = {
				ASSETCATALOG_COMPILER_APPICON_NAME = AppIcon;
				CODE_SIGN_STYLE = Automatic;
				INFOPLIST_FILE = KRLogin/Info.plist;
				LD_RUNPATH_SEARCH_PATHS = (
					"$(inherited)",
					"@executable_path/Frameworks",
				);
				PRODUCT_BUNDLE_IDENTIFIER = com.kr.KRLogin;
				PRODUCT_NAME = "$(TARGET_NAME)";
				TARGETED_DEVICE_FAMILY = "1,2";
			};
			name = Debug;
		};
		5482C0B12176118E00FE61FC /* Release */ = {
			isa = XCBuildConfiguration;
			buildSettings = {
				ASSETCATALOG_COMPILER_APPICON_NAME = AppIcon;
				CODE_SIGN_STYLE = Automatic;
				INFOPLIST_FILE = KRLogin/Info.plist;
				LD_RUNPATH_SEARCH_PATHS = (
					"$(inherited)",
					"@executable_path/Frameworks",
				);
				PRODUCT_BUNDLE_IDENTIFIER = com.kr.KRLogin;
				PRODUCT_NAME = "$(TARGET_NAME)";
				TARGETED_DEVICE_FAMILY = "1,2";
			};
			name = Release;
		};
		5482C0B32176118E00FE61FC /* Debug */ = {
			isa = XCBuildConfiguration;
			buildSettings = {
				BUNDLE_LOADER = "$(TEST_HOST)";
				CODE_SIGN_STYLE = Automatic;
				INFOPLIST_FILE = KRLoginTests/Info.plist;
				LD_RUNPATH_SEARCH_PATHS = (
					"$(inherited)",
					"@executable_path/Frameworks",
					"@loader_path/Frameworks",
				);
				PRODUCT_BUNDLE_IDENTIFIER = com.kr.KRLoginTests;
				PRODUCT_NAME = "$(TARGET_NAME)";
				TARGETED_DEVICE_FAMILY = "1,2";
				TEST_HOST = "$(BUILT_PRODUCTS_DIR)/KRLogin.app/KRLogin";
			};
			name = Debug;
		};
		5482C0B42176118E00FE61FC /* Release */ = {
			isa = XCBuildConfiguration;
			buildSettings = {
				BUNDLE_LOADER = "$(TEST_HOST)";
				CODE_SIGN_STYLE = Automatic;
				INFOPLIST_FILE = KRLoginTests/Info.plist;
				LD_RUNPATH_SEARCH_PATHS = (
					"$(inherited)",
					"@executable_path/Frameworks",
					"@loader_path/Frameworks",
				);
				PRODUCT_BUNDLE_IDENTIFIER = com.kr.KRLoginTests;
				PRODUCT_NAME = "$(TARGET_NAME)";
				TARGETED_DEVICE_FAMILY = "1,2";
				TEST_HOST = "$(BUILT_PRODUCTS_DIR)/KRLogin.app/KRLogin";
			};
			name = Release;
		};
		5482C0B62176118E00FE61FC /* Debug */ = {
			isa = XCBuildConfiguration;
			buildSettings = {
				CODE_SIGN_STYLE = Automatic;
				INFOPLIST_FILE = KRLoginUITests/Info.plist;
				LD_RUNPATH_SEARCH_PATHS = (
					"$(inherited)",
					"@executable_path/Frameworks",
					"@loader_path/Frameworks",
				);
				PRODUCT_BUNDLE_IDENTIFIER = com.kr.KRLoginUITests;
				PRODUCT_NAME = "$(TARGET_NAME)";
				TARGETED_DEVICE_FAMILY = "1,2";
				TEST_TARGET_NAME = KRLogin;
			};
			name = Debug;
		};
		5482C0B72176118E00FE61FC /* Release */ = {
			isa = XCBuildConfiguration;
			buildSettings = {
				CODE_SIGN_STYLE = Automatic;
				INFOPLIST_FILE = KRLoginUITests/Info.plist;
				LD_RUNPATH_SEARCH_PATHS = (
					"$(inherited)",
					"@executable_path/Frameworks",
					"@loader_path/Frameworks",
				);
				PRODUCT_BUNDLE_IDENTIFIER = com.kr.KRLoginUITests;
				PRODUCT_NAME = "$(TARGET_NAME)";
				TARGETED_DEVICE_FAMILY = "1,2";
				TEST_TARGET_NAME = KRLogin;
			};
			name = Release;
		};
/* End XCBuildConfiguration section */

/* Begin XCConfigurationList section */
		5482C07E2176118C00FE61FC /* Build configuration list for PBXProject "KRLogin" */ = {
			isa = XCConfigurationList;
			buildConfigurations = (
				5482C0AD2176118E00FE61FC /* Debug */,
				5482C0AE2176118E00FE61FC /* Release */,
			);
			defaultConfigurationIsVisible = 0;
			defaultConfigurationName = Release;
		};
		5482C0AF2176118E00FE61FC /* Build configuration list for PBXNativeTarget "KRLogin" */ = {
			isa = XCConfigurationList;
			buildConfigurations = (
				5482C0B02176118E00FE61FC /* Debug */,
				5482C0B12176118E00FE61FC /* Release */,
			);
			defaultConfigurationIsVisible = 0;
			defaultConfigurationName = Release;
		};
		5482C0B22176118E00FE61FC /* Build configuration list for PBXNativeTarget "KRLoginTests" */ = {
			isa = XCConfigurationList;
			buildConfigurations = (
				5482C0B32176118E00FE61FC /* Debug */,
				5482C0B42176118E00FE61FC /* Release */,
			);
			defaultConfigurationIsVisible = 0;
			defaultConfigurationName = Release;
		};
		5482C0B52176118E00FE61FC /* Build configuration list for PBXNativeTarget "KRLoginUITests" */ = {
			isa = XCConfigurationList;
			buildConfigurations = (
				5482C0B62176118E00FE61FC /* Debug */,
				5482C0B72176118E00FE61FC /* Release */,
			);
			defaultConfigurationIsVisible = 0;
			defaultConfigurationName = Release;
		};
/* End XCConfigurationList section */
	};
	rootObject = 5482C07B2176118C00FE61FC /* Project object */;
}
