// !$*UTF8*$!
{
	archiveVersion = 1;
	classes = {
	};
	objectVersion = 50;
	objects = {

/* Begin PBXBuildFile section */
		54223E9821900ECC0059EF3B /* AppDelegate.swift in Sources */ = {isa = PBXBuildFile; fileRef = 54223E9721900ECC0059EF3B /* AppDelegate.swift */; };
		54223E9A21900ECC0059EF3B /* ViewController.swift in Sources */ = {isa = PBXBuildFile; fileRef = 54223E9921900ECC0059EF3B /* ViewController.swift */; };
		54223E9D21900ECC0059EF3B /* Main.storyboard in Resources */ = {isa = PBXBuildFile; fileRef = 54223E9B21900ECC0059EF3B /* Main.storyboard */; };
		54223E9F21900ECD0059EF3B /* Assets.xcassets in Resources */ = {isa = PBXBuildFile; fileRef = 54223E9E21900ECD0059EF3B /* Assets.xcassets */; };
		54223EA221900ECD0059EF3B /* LaunchScreen.storyboard in Resources */ = {isa = PBXBuildFile; fileRef = 54223EA021900ECD0059EF3B /* LaunchScreen.storyboard */; };
		54223EAD21900ECD0059EF3B /* KRLoginTests.swift in Sources */ = {isa = PBXBuildFile; fileRef = 54223EAC21900ECD0059EF3B /* KRLoginTests.swift */; };
		54223EB821900ECD0059EF3B /* KRLoginUITests.swift in Sources */ = {isa = PBXBuildFile; fileRef = 54223EB721900ECD0059EF3B /* KRLoginUITests.swift */; };
		54223EC8219013ED0059EF3B /* KRLoginViewController.swift in Sources */ = {isa = PBXBuildFile; fileRef = 54223EC7219013ED0059EF3B /* KRLoginViewController.swift */; };
		54223ECA219014190059EF3B /* KRRootViewController.swift in Sources */ = {isa = PBXBuildFile; fileRef = 54223EC9219014190059EF3B /* KRRootViewController.swift */; };
		545C5C0F2190452F006005E5 /* kRUserLoginView.swift in Sources */ = {isa = PBXBuildFile; fileRef = 545C5C0E2190452F006005E5 /* kRUserLoginView.swift */; };
		545C5C1121904547006005E5 /* kRUserLoginView.xib in Resources */ = {isa = PBXBuildFile; fileRef = 545C5C1021904547006005E5 /* kRUserLoginView.xib */; };
		54FCAB8321955F8C0026482B /* KRRegisterViewController.swift in Sources */ = {isa = PBXBuildFile; fileRef = 54FCAB8221955F8C0026482B /* KRRegisterViewController.swift */; };
		54FCAB8521955FAB0026482B /* KRUserRegisterView.swift in Sources */ = {isa = PBXBuildFile; fileRef = 54FCAB8421955FAB0026482B /* KRUserRegisterView.swift */; };
		54FCAB8721955FB50026482B /* KRUserRegisterView.xib in Resources */ = {isa = PBXBuildFile; fileRef = 54FCAB8621955FB50026482B /* KRUserRegisterView.xib */; };
		54FCAB89219563F80026482B /* KRAccountLoginView.swift in Sources */ = {isa = PBXBuildFile; fileRef = 54FCAB88219563F80026482B /* KRAccountLoginView.swift */; };
		54FCAB8B219564030026482B /* KRAccountLoginView.xib in Resources */ = {isa = PBXBuildFile; fileRef = 54FCAB8A219564030026482B /* KRAccountLoginView.xib */; };
		581F44C276C6CEAB72B0D7EE /* Pods_KRLogin.framework in Frameworks */ = {isa = PBXBuildFile; fileRef = BC4D698D54ED9DF315AF8AA4 /* Pods_KRLogin.framework */; };
/* End PBXBuildFile section */

/* Begin PBXContainerItemProxy section */
		54223EA921900ECD0059EF3B /* PBXContainerItemProxy */ = {
			isa = PBXContainerItemProxy;
			containerPortal = 54223E8C21900ECB0059EF3B /* Project object */;
			proxyType = 1;
			remoteGlobalIDString = 54223E9321900ECC0059EF3B;
			remoteInfo = KRLogin;
		};
		54223EB421900ECD0059EF3B /* PBXContainerItemProxy */ = {
			isa = PBXContainerItemProxy;
			containerPortal = 54223E8C21900ECB0059EF3B /* Project object */;
			proxyType = 1;
			remoteGlobalIDString = 54223E9321900ECC0059EF3B;
			remoteInfo = KRLogin;
		};
/* End PBXContainerItemProxy section */

/* Begin PBXFileReference section */
		54223E9421900ECC0059EF3B /* KRLogin.app */ = {isa = PBXFileReference; explicitFileType = wrapper.application; includeInIndex = 0; path = KRLogin.app; sourceTree = BUILT_PRODUCTS_DIR; };
		54223E9721900ECC0059EF3B /* AppDelegate.swift */ = {isa = PBXFileReference; lastKnownFileType = sourcecode.swift; path = AppDelegate.swift; sourceTree = "<group>"; };
		54223E9921900ECC0059EF3B /* ViewController.swift */ = {isa = PBXFileReference; lastKnownFileType = sourcecode.swift; path = ViewController.swift; sourceTree = "<group>"; };
		54223E9C21900ECC0059EF3B /* Base */ = {isa = PBXFileReference; lastKnownFileType = file.storyboard; name = Base; path = Base.lproj/Main.storyboard; sourceTree = "<group>"; };
		54223E9E21900ECD0059EF3B /* Assets.xcassets */ = {isa = PBXFileReference; lastKnownFileType = folder.assetcatalog; path = Assets.xcassets; sourceTree = "<group>"; };
		54223EA121900ECD0059EF3B /* Base */ = {isa = PBXFileReference; lastKnownFileType = file.storyboard; name = Base; path = Base.lproj/LaunchScreen.storyboard; sourceTree = "<group>"; };
		54223EA321900ECD0059EF3B /* Info.plist */ = {isa = PBXFileReference; lastKnownFileType = text.plist.xml; path = Info.plist; sourceTree = "<group>"; };
		54223EA821900ECD0059EF3B /* KRLoginTests.xctest */ = {isa = PBXFileReference; explicitFileType = wrapper.cfbundle; includeInIndex = 0; path = KRLoginTests.xctest; sourceTree = BUILT_PRODUCTS_DIR; };
		54223EAC21900ECD0059EF3B /* KRLoginTests.swift */ = {isa = PBXFileReference; lastKnownFileType = sourcecode.swift; path = KRLoginTests.swift; sourceTree = "<group>"; };
		54223EAE21900ECD0059EF3B /* Info.plist */ = {isa = PBXFileReference; lastKnownFileType = text.plist.xml; path = Info.plist; sourceTree = "<group>"; };
		54223EB321900ECD0059EF3B /* KRLoginUITests.xctest */ = {isa = PBXFileReference; explicitFileType = wrapper.cfbundle; includeInIndex = 0; path = KRLoginUITests.xctest; sourceTree = BUILT_PRODUCTS_DIR; };
		54223EB721900ECD0059EF3B /* KRLoginUITests.swift */ = {isa = PBXFileReference; lastKnownFileType = sourcecode.swift; path = KRLoginUITests.swift; sourceTree = "<group>"; };
		54223EB921900ECE0059EF3B /* Info.plist */ = {isa = PBXFileReference; lastKnownFileType = text.plist.xml; path = Info.plist; sourceTree = "<group>"; };
		54223EC7219013ED0059EF3B /* KRLoginViewController.swift */ = {isa = PBXFileReference; lastKnownFileType = sourcecode.swift; path = KRLoginViewController.swift; sourceTree = "<group>"; };
		54223EC9219014190059EF3B /* KRRootViewController.swift */ = {isa = PBXFileReference; lastKnownFileType = sourcecode.swift; path = KRRootViewController.swift; sourceTree = "<group>"; };
		545C5C0E2190452F006005E5 /* kRUserLoginView.swift */ = {isa = PBXFileReference; lastKnownFileType = sourcecode.swift; path = kRUserLoginView.swift; sourceTree = "<group>"; };
		545C5C1021904547006005E5 /* kRUserLoginView.xib */ = {isa = PBXFileReference; lastKnownFileType = file.xib; path = kRUserLoginView.xib; sourceTree = "<group>"; };
		54FCAB8221955F8C0026482B /* KRRegisterViewController.swift */ = {isa = PBXFileReference; lastKnownFileType = sourcecode.swift; path = KRRegisterViewController.swift; sourceTree = "<group>"; };
		54FCAB8421955FAB0026482B /* KRUserRegisterView.swift */ = {isa = PBXFileReference; lastKnownFileType = sourcecode.swift; path = KRUserRegisterView.swift; sourceTree = "<group>"; };
		54FCAB8621955FB50026482B /* KRUserRegisterView.xib */ = {isa = PBXFileReference; lastKnownFileType = file.xib; path = KRUserRegisterView.xib; sourceTree = "<group>"; };
		54FCAB88219563F80026482B /* KRAccountLoginView.swift */ = {isa = PBXFileReference; lastKnownFileType = sourcecode.swift; path = KRAccountLoginView.swift; sourceTree = "<group>"; };
		54FCAB8A219564030026482B /* KRAccountLoginView.xib */ = {isa = PBXFileReference; lastKnownFileType = file.xib; path = KRAccountLoginView.xib; sourceTree = "<group>"; };
		58F2D880B319D01C4C892829 /* Pods-KRLogin.debug.xcconfig */ = {isa = PBXFileReference; includeInIndex = 1; lastKnownFileType = text.xcconfig; name = "Pods-KRLogin.debug.xcconfig"; path = "Pods/Target Support Files/Pods-KRLogin/Pods-KRLogin.debug.xcconfig"; sourceTree = "<group>"; };
		9689E693B7841E84AE588E6F /* Pods-KRLogin.release.xcconfig */ = {isa = PBXFileReference; includeInIndex = 1; lastKnownFileType = text.xcconfig; name = "Pods-KRLogin.release.xcconfig"; path = "Pods/Target Support Files/Pods-KRLogin/Pods-KRLogin.release.xcconfig"; sourceTree = "<group>"; };
		BC4D698D54ED9DF315AF8AA4 /* Pods_KRLogin.framework */ = {isa = PBXFileReference; explicitFileType = wrapper.framework; includeInIndex = 0; path = Pods_KRLogin.framework; sourceTree = BUILT_PRODUCTS_DIR; };
/* End PBXFileReference section */

/* Begin PBXFrameworksBuildPhase section */
		54223E9121900ECC0059EF3B /* Frameworks */ = {
			isa = PBXFrameworksBuildPhase;
			buildActionMask = 2147483647;
			files = (
				581F44C276C6CEAB72B0D7EE /* Pods_KRLogin.framework in Frameworks */,
			);
			runOnlyForDeploymentPostprocessing = 0;
		};
		54223EA521900ECD0059EF3B /* Frameworks */ = {
			isa = PBXFrameworksBuildPhase;
			buildActionMask = 2147483647;
			files = (
			);
			runOnlyForDeploymentPostprocessing = 0;
		};
		54223EB021900ECD0059EF3B /* Frameworks */ = {
			isa = PBXFrameworksBuildPhase;
			buildActionMask = 2147483647;
			files = (
			);
			runOnlyForDeploymentPostprocessing = 0;
		};
/* End PBXFrameworksBuildPhase section */

/* Begin PBXGroup section */
		54223E8B21900ECB0059EF3B = {
			isa = PBXGroup;
			children = (
				54223E9621900ECC0059EF3B /* KRLogin */,
				54223EAB21900ECD0059EF3B /* KRLoginTests */,
				54223EB621900ECD0059EF3B /* KRLoginUITests */,
				54223E9521900ECC0059EF3B /* Products */,
				BAE579C36018670F95A8BE4B /* Pods */,
				E5080B6D95CBFAD79E88AC52 /* Frameworks */,
			);
			sourceTree = "<group>";
		};
		54223E9521900ECC0059EF3B /* Products */ = {
			isa = PBXGroup;
			children = (
				54223E9421900ECC0059EF3B /* KRLogin.app */,
				54223EA821900ECD0059EF3B /* KRLoginTests.xctest */,
				54223EB321900ECD0059EF3B /* KRLoginUITests.xctest */,
			);
			name = Products;
			sourceTree = "<group>";
		};
		54223E9621900ECC0059EF3B /* KRLogin */ = {
			isa = PBXGroup;
			children = (
				54223EC5219013D90059EF3B /* Module */,
				54223E9721900ECC0059EF3B /* AppDelegate.swift */,
				54223E9921900ECC0059EF3B /* ViewController.swift */,
				54223E9B21900ECC0059EF3B /* Main.storyboard */,
				54223E9E21900ECD0059EF3B /* Assets.xcassets */,
				54223EA021900ECD0059EF3B /* LaunchScreen.storyboard */,
				54223EA321900ECD0059EF3B /* Info.plist */,
				54223EC9219014190059EF3B /* KRRootViewController.swift */,
			);
			path = KRLogin;
			sourceTree = "<group>";
		};
		54223EAB21900ECD0059EF3B /* KRLoginTests */ = {
			isa = PBXGroup;
			children = (
				54223EAC21900ECD0059EF3B /* KRLoginTests.swift */,
				54223EAE21900ECD0059EF3B /* Info.plist */,
			);
			path = KRLoginTests;
			sourceTree = "<group>";
		};
		54223EB621900ECD0059EF3B /* KRLoginUITests */ = {
			isa = PBXGroup;
			children = (
				54223EB721900ECD0059EF3B /* KRLoginUITests.swift */,
				54223EB921900ECE0059EF3B /* Info.plist */,
			);
			path = KRLoginUITests;
			sourceTree = "<group>";
		};
		54223EC5219013D90059EF3B /* Module */ = {
			isa = PBXGroup;
			children = (
				54223EC6219013D90059EF3B /* Login */,
			);
			path = Module;
			sourceTree = "<group>";
		};
		54223EC6219013D90059EF3B /* Login */ = {
			isa = PBXGroup;
			children = (
				54223EC7219013ED0059EF3B /* KRLoginViewController.swift */,
				545C5C0E2190452F006005E5 /* kRUserLoginView.swift */,
				545C5C1021904547006005E5 /* kRUserLoginView.xib */,
				54FCAB8221955F8C0026482B /* KRRegisterViewController.swift */,
				54FCAB8421955FAB0026482B /* KRUserRegisterView.swift */,
				54FCAB8621955FB50026482B /* KRUserRegisterView.xib */,
				54FCAB88219563F80026482B /* KRAccountLoginView.swift */,
				54FCAB8A219564030026482B /* KRAccountLoginView.xib */,
			);
			path = Login;
			sourceTree = "<group>";
		};
		BAE579C36018670F95A8BE4B /* Pods */ = {
			isa = PBXGroup;
			children = (
				58F2D880B319D01C4C892829 /* Pods-KRLogin.debug.xcconfig */,
				9689E693B7841E84AE588E6F /* Pods-KRLogin.release.xcconfig */,
			);
			name = Pods;
			sourceTree = "<group>";
		};
		E5080B6D95CBFAD79E88AC52 /* Frameworks */ = {
			isa = PBXGroup;
			children = (
				BC4D698D54ED9DF315AF8AA4 /* Pods_KRLogin.framework */,
			);
			name = Frameworks;
			sourceTree = "<group>";
		};
/* End PBXGroup section */

/* Begin PBXNativeTarget section */
		54223E9321900ECC0059EF3B /* KRLogin */ = {
			isa = PBXNativeTarget;
			buildConfigurationList = 54223EBC21900ECE0059EF3B /* Build configuration list for PBXNativeTarget "KRLogin" */;
			buildPhases = (
				7DDDC658DC15250B738AF0C1 /* [CP] Check Pods Manifest.lock */,
				54223E9021900ECC0059EF3B /* Sources */,
				54223E9121900ECC0059EF3B /* Frameworks */,
				54223E9221900ECC0059EF3B /* Resources */,
				DDC39D9412C9B94600C69943 /* [CP] Embed Pods Frameworks */,
			);
			buildRules = (
			);
			dependencies = (
			);
			name = KRLogin;
			productName = KRLogin;
			productReference = 54223E9421900ECC0059EF3B /* KRLogin.app */;
			productType = "com.apple.product-type.application";
		};
		54223EA721900ECD0059EF3B /* KRLoginTests */ = {
			isa = PBXNativeTarget;
			buildConfigurationList = 54223EBF21900ECE0059EF3B /* Build configuration list for PBXNativeTarget "KRLoginTests" */;
			buildPhases = (
				54223EA421900ECD0059EF3B /* Sources */,
				54223EA521900ECD0059EF3B /* Frameworks */,
				54223EA621900ECD0059EF3B /* Resources */,
			);
			buildRules = (
			);
			dependencies = (
				54223EAA21900ECD0059EF3B /* PBXTargetDependency */,
			);
			name = KRLoginTests;
			productName = KRLoginTests;
			productReference = 54223EA821900ECD0059EF3B /* KRLoginTests.xctest */;
			productType = "com.apple.product-type.bundle.unit-test";
		};
		54223EB221900ECD0059EF3B /* KRLoginUITests */ = {
			isa = PBXNativeTarget;
			buildConfigurationList = 54223EC221900ECE0059EF3B /* Build configuration list for PBXNativeTarget "KRLoginUITests" */;
			buildPhases = (
				54223EAF21900ECD0059EF3B /* Sources */,
				54223EB021900ECD0059EF3B /* Frameworks */,
				54223EB121900ECD0059EF3B /* Resources */,
			);
			buildRules = (
			);
			dependencies = (
				54223EB521900ECD0059EF3B /* PBXTargetDependency */,
			);
			name = KRLoginUITests;
			productName = KRLoginUITests;
			productReference = 54223EB321900ECD0059EF3B /* KRLoginUITests.xctest */;
			productType = "com.apple.product-type.bundle.ui-testing";
		};
/* End PBXNativeTarget section */

/* Begin PBXProject section */
		54223E8C21900ECB0059EF3B /* Project object */ = {
			isa = PBXProject;
			attributes = {
				LastSwiftUpdateCheck = 1010;
				LastUpgradeCheck = 1010;
				ORGANIZATIONNAME = RK;
				TargetAttributes = {
					54223E9321900ECC0059EF3B = {
						CreatedOnToolsVersion = 10.1;
					};
					54223EA721900ECD0059EF3B = {
						CreatedOnToolsVersion = 10.1;
						TestTargetID = 54223E9321900ECC0059EF3B;
					};
					54223EB221900ECD0059EF3B = {
						CreatedOnToolsVersion = 10.1;
						TestTargetID = 54223E9321900ECC0059EF3B;
					};
				};
			};
			buildConfigurationList = 54223E8F21900ECB0059EF3B /* Build configuration list for PBXProject "KRLogin" */;
			compatibilityVersion = "Xcode 9.3";
			developmentRegion = en;
			hasScannedForEncodings = 0;
			knownRegions = (
				en,
				Base,
			);
			mainGroup = 54223E8B21900ECB0059EF3B;
			productRefGroup = 54223E9521900ECC0059EF3B /* Products */;
			projectDirPath = "";
			projectRoot = "";
			targets = (
				54223E9321900ECC0059EF3B /* KRLogin */,
				54223EA721900ECD0059EF3B /* KRLoginTests */,
				54223EB221900ECD0059EF3B /* KRLoginUITests */,
			);
		};
/* End PBXProject section */

/* Begin PBXResourcesBuildPhase section */
		54223E9221900ECC0059EF3B /* Resources */ = {
			isa = PBXResourcesBuildPhase;
			buildActionMask = 2147483647;
			files = (
				545C5C1121904547006005E5 /* kRUserLoginView.xib in Resources */,
				54223EA221900ECD0059EF3B /* LaunchScreen.storyboard in Resources */,
				54223E9F21900ECD0059EF3B /* Assets.xcassets in Resources */,
				54FCAB8721955FB50026482B /* KRUserRegisterView.xib in Resources */,
				54223E9D21900ECC0059EF3B /* Main.storyboard in Resources */,
				54FCAB8B219564030026482B /* KRAccountLoginView.xib in Resources */,
			);
			runOnlyForDeploymentPostprocessing = 0;
		};
		54223EA621900ECD0059EF3B /* Resources */ = {
			isa = PBXResourcesBuildPhase;
			buildActionMask = 2147483647;
			files = (
			);
			runOnlyForDeploymentPostprocessing = 0;
		};
		54223EB121900ECD0059EF3B /* Resources */ = {
			isa = PBXResourcesBuildPhase;
			buildActionMask = 2147483647;
			files = (
			);
			runOnlyForDeploymentPostprocessing = 0;
		};
/* End PBXResourcesBuildPhase section */

/* Begin PBXShellScriptBuildPhase section */
		7DDDC658DC15250B738AF0C1 /* [CP] Check Pods Manifest.lock */ = {
			isa = PBXShellScriptBuildPhase;
			buildActionMask = 2147483647;
			files = (
			);
			inputPaths = (
				"${PODS_PODFILE_DIR_PATH}/Podfile.lock",
				"${PODS_ROOT}/Manifest.lock",
			);
			name = "[CP] Check Pods Manifest.lock";
			outputPaths = (
				"$(DERIVED_FILE_DIR)/Pods-KRLogin-checkManifestLockResult.txt",
			);
			runOnlyForDeploymentPostprocessing = 0;
			shellPath = /bin/sh;
			shellScript = "diff \"${PODS_PODFILE_DIR_PATH}/Podfile.lock\" \"${PODS_ROOT}/Manifest.lock\" > /dev/null\nif [ $? != 0 ] ; then\n    # print error to STDERR\n    echo \"error: The sandbox is not in sync with the Podfile.lock. Run 'pod install' or update your CocoaPods installation.\" >&2\n    exit 1\nfi\n# This output is used by Xcode 'outputs' to avoid re-running this script phase.\necho \"SUCCESS\" > \"${SCRIPT_OUTPUT_FILE_0}\"\n";
			showEnvVarsInLog = 0;
		};
		DDC39D9412C9B94600C69943 /* [CP] Embed Pods Frameworks */ = {
			isa = PBXShellScriptBuildPhase;
			buildActionMask = 2147483647;
			files = (
			);
			inputPaths = (
				"${SRCROOT}/Pods/Target Support Files/Pods-KRLogin/Pods-KRLogin-frameworks.sh",
				"${BUILT_PRODUCTS_DIR}/CYLTabBarController/CYLTabBarController.framework",
			);
			name = "[CP] Embed Pods Frameworks";
			outputPaths = (
				"${TARGET_BUILD_DIR}/${FRAMEWORKS_FOLDER_PATH}/CYLTabBarController.framework",
			);
			runOnlyForDeploymentPostprocessing = 0;
			shellPath = /bin/sh;
			shellScript = "\"${SRCROOT}/Pods/Target Support Files/Pods-KRLogin/Pods-KRLogin-frameworks.sh\"\n";
			showEnvVarsInLog = 0;
		};
/* End PBXShellScriptBuildPhase section */

/* Begin PBXSourcesBuildPhase section */
		54223E9021900ECC0059EF3B /* Sources */ = {
			isa = PBXSourcesBuildPhase;
			buildActionMask = 2147483647;
			files = (
				54FCAB8321955F8C0026482B /* KRRegisterViewController.swift in Sources */,
				54FCAB89219563F80026482B /* KRAccountLoginView.swift in Sources */,
				545C5C0F2190452F006005E5 /* kRUserLoginView.swift in Sources */,
				54223E9A21900ECC0059EF3B /* ViewController.swift in Sources */,
				54223ECA219014190059EF3B /* KRRootViewController.swift in Sources */,
				54223E9821900ECC0059EF3B /* AppDelegate.swift in Sources */,
				54FCAB8521955FAB0026482B /* KRUserRegisterView.swift in Sources */,
				54223EC8219013ED0059EF3B /* KRLoginViewController.swift in Sources */,
			);
			runOnlyForDeploymentPostprocessing = 0;
		};
		54223EA421900ECD0059EF3B /* Sources */ = {
			isa = PBXSourcesBuildPhase;
			buildActionMask = 2147483647;
			files = (
				54223EAD21900ECD0059EF3B /* KRLoginTests.swift in Sources */,
			);
			runOnlyForDeploymentPostprocessing = 0;
		};
		54223EAF21900ECD0059EF3B /* Sources */ = {
			isa = PBXSourcesBuildPhase;
			buildActionMask = 2147483647;
			files = (
				54223EB821900ECD0059EF3B /* KRLoginUITests.swift in Sources */,
			);
			runOnlyForDeploymentPostprocessing = 0;
		};
/* End PBXSourcesBuildPhase section */

/* Begin PBXTargetDependency section */
		54223EAA21900ECD0059EF3B /* PBXTargetDependency */ = {
			isa = PBXTargetDependency;
			target = 54223E9321900ECC0059EF3B /* KRLogin */;
			targetProxy = 54223EA921900ECD0059EF3B /* PBXContainerItemProxy */;
		};
		54223EB521900ECD0059EF3B /* PBXTargetDependency */ = {
			isa = PBXTargetDependency;
			target = 54223E9321900ECC0059EF3B /* KRLogin */;
			targetProxy = 54223EB421900ECD0059EF3B /* PBXContainerItemProxy */;
		};
/* End PBXTargetDependency section */

/* Begin PBXVariantGroup section */
		54223E9B21900ECC0059EF3B /* Main.storyboard */ = {
			isa = PBXVariantGroup;
			children = (
				54223E9C21900ECC0059EF3B /* Base */,
			);
			name = Main.storyboard;
			sourceTree = "<group>";
		};
		54223EA021900ECD0059EF3B /* LaunchScreen.storyboard */ = {
			isa = PBXVariantGroup;
			children = (
				54223EA121900ECD0059EF3B /* Base */,
			);
			name = LaunchScreen.storyboard;
			sourceTree = "<group>";
		};
/* End PBXVariantGroup section */

/* Begin XCBuildConfiguration section */
		54223EBA21900ECE0059EF3B /* Debug */ = {
			isa = XCBuildConfiguration;
			buildSettings = {
				ALWAYS_SEARCH_USER_PATHS = NO;
				CLANG_ANALYZER_NONNULL = YES;
				CLANG_ANALYZER_NUMBER_OBJECT_CONVERSION = YES_AGGRESSIVE;
				CLANG_CXX_LANGUAGE_STANDARD = "gnu++14";
				CLANG_CXX_LIBRARY = "libc++";
				CLANG_ENABLE_MODULES = YES;
				CLANG_ENABLE_OBJC_ARC = YES;
				CLANG_ENABLE_OBJC_WEAK = YES;
				CLANG_WARN_BLOCK_CAPTURE_AUTORELEASING = YES;
				CLANG_WARN_BOOL_CONVERSION = YES;
				CLANG_WARN_COMMA = YES;
				CLANG_WARN_CONSTANT_CONVERSION = YES;
				CLANG_WARN_DEPRECATED_OBJC_IMPLEMENTATIONS = YES;
				CLANG_WARN_DIRECT_OBJC_ISA_USAGE = YES_ERROR;
				CLANG_WARN_DOCUMENTATION_COMMENTS = YES;
				CLANG_WARN_EMPTY_BODY = YES;
				CLANG_WARN_ENUM_CONVERSION = YES;
				CLANG_WARN_INFINITE_RECURSION = YES;
				CLANG_WARN_INT_CONVERSION = YES;
				CLANG_WARN_NON_LITERAL_NULL_CONVERSION = YES;
				CLANG_WARN_OBJC_IMPLICIT_RETAIN_SELF = YES;
				CLANG_WARN_OBJC_LITERAL_CONVERSION = YES;
				CLANG_WARN_OBJC_ROOT_CLASS = YES_ERROR;
				CLANG_WARN_RANGE_LOOP_ANALYSIS = YES;
				CLANG_WARN_STRICT_PROTOTYPES = YES;
				CLANG_WARN_SUSPICIOUS_MOVE = YES;
				CLANG_WARN_UNGUARDED_AVAILABILITY = YES_AGGRESSIVE;
				CLANG_WARN_UNREACHABLE_CODE = YES;
				CLANG_WARN__DUPLICATE_METHOD_MATCH = YES;
				CODE_SIGN_IDENTITY = "iPhone Developer";
				COPY_PHASE_STRIP = NO;
				DEBUG_INFORMATION_FORMAT = dwarf;
				ENABLE_STRICT_OBJC_MSGSEND = YES;
				ENABLE_TESTABILITY = YES;
				GCC_C_LANGUAGE_STANDARD = gnu11;
				GCC_DYNAMIC_NO_PIC = NO;
				GCC_NO_COMMON_BLOCKS = YES;
				GCC_OPTIMIZATION_LEVEL = 0;
				GCC_PREPROCESSOR_DEFINITIONS = (
					"DEBUG=1",
					"$(inherited)",
				);
				GCC_WARN_64_TO_32_BIT_CONVERSION = YES;
				GCC_WARN_ABOUT_RETURN_TYPE = YES_ERROR;
				GCC_WARN_UNDECLARED_SELECTOR = YES;
				GCC_WARN_UNINITIALIZED_AUTOS = YES_AGGRESSIVE;
				GCC_WARN_UNUSED_FUNCTION = YES;
				GCC_WARN_UNUSED_VARIABLE = YES;
				IPHONEOS_DEPLOYMENT_TARGET = 12.1;
				MTL_ENABLE_DEBUG_INFO = INCLUDE_SOURCE;
				MTL_FAST_MATH = YES;
				ONLY_ACTIVE_ARCH = YES;
				SDKROOT = iphoneos;
				SWIFT_ACTIVE_COMPILATION_CONDITIONS = DEBUG;
				SWIFT_OPTIMIZATION_LEVEL = "-Onone";
			};
			name = Debug;
		};
		54223EBB21900ECE0059EF3B /* Release */ = {
			isa = XCBuildConfiguration;
			buildSettings = {
				ALWAYS_SEARCH_USER_PATHS = NO;
				CLANG_ANALYZER_NONNULL = YES;
				CLANG_ANALYZER_NUMBER_OBJECT_CONVERSION = YES_AGGRESSIVE;
				CLANG_CXX_LANGUAGE_STANDARD = "gnu++14";
				CLANG_CXX_LIBRARY = "libc++";
				CLANG_ENABLE_MODULES = YES;
				CLANG_ENABLE_OBJC_ARC = YES;
				CLANG_ENABLE_OBJC_WEAK = YES;
				CLANG_WARN_BLOCK_CAPTURE_AUTORELEASING = YES;
				CLANG_WARN_BOOL_CONVERSION = YES;
				CLANG_WARN_COMMA = YES;
				CLANG_WARN_CONSTANT_CONVERSION = YES;
				CLANG_WARN_DEPRECATED_OBJC_IMPLEMENTATIONS = YES;
				CLANG_WARN_DIRECT_OBJC_ISA_USAGE = YES_ERROR;
				CLANG_WARN_DOCUMENTATION_COMMENTS = YES;
				CLANG_WARN_EMPTY_BODY = YES;
				CLANG_WARN_ENUM_CONVERSION = YES;
				CLANG_WARN_INFINITE_RECURSION = YES;
				CLANG_WARN_INT_CONVERSION = YES;
				CLANG_WARN_NON_LITERAL_NULL_CONVERSION = YES;
				CLANG_WARN_OBJC_IMPLICIT_RETAIN_SELF = YES;
				CLANG_WARN_OBJC_LITERAL_CONVERSION = YES;
				CLANG_WARN_OBJC_ROOT_CLASS = YES_ERROR;
				CLANG_WARN_RANGE_LOOP_ANALYSIS = YES;
				CLANG_WARN_STRICT_PROTOTYPES = YES;
				CLANG_WARN_SUSPICIOUS_MOVE = YES;
				CLANG_WARN_UNGUARDED_AVAILABILITY = YES_AGGRESSIVE;
				CLANG_WARN_UNREACHABLE_CODE = YES;
				CLANG_WARN__DUPLICATE_METHOD_MATCH = YES;
				CODE_SIGN_IDENTITY = "iPhone Developer";
				COPY_PHASE_STRIP = NO;
				DEBUG_INFORMATION_FORMAT = "dwarf-with-dsym";
				ENABLE_NS_ASSERTIONS = NO;
				ENABLE_STRICT_OBJC_MSGSEND = YES;
				GCC_C_LANGUAGE_STANDARD = gnu11;
				GCC_NO_COMMON_BLOCKS = YES;
				GCC_WARN_64_TO_32_BIT_CONVERSION = YES;
				GCC_WARN_ABOUT_RETURN_TYPE = YES_ERROR;
				GCC_WARN_UNDECLARED_SELECTOR = YES;
				GCC_WARN_UNINITIALIZED_AUTOS = YES_AGGRESSIVE;
				GCC_WARN_UNUSED_FUNCTION = YES;
				GCC_WARN_UNUSED_VARIABLE = YES;
				IPHONEOS_DEPLOYMENT_TARGET = 12.1;
				MTL_ENABLE_DEBUG_INFO = NO;
				MTL_FAST_MATH = YES;
				SDKROOT = iphoneos;
				SWIFT_COMPILATION_MODE = wholemodule;
				SWIFT_OPTIMIZATION_LEVEL = "-O";
				VALIDATE_PRODUCT = YES;
			};
			name = Release;
		};
		54223EBD21900ECE0059EF3B /* Debug */ = {
			isa = XCBuildConfiguration;
			baseConfigurationReference = 58F2D880B319D01C4C892829 /* Pods-KRLogin.debug.xcconfig */;
			buildSettings = {
				ASSETCATALOG_COMPILER_APPICON_NAME = AppIcon;
				CODE_SIGN_STYLE = Automatic;
				INFOPLIST_FILE = KRLogin/Info.plist;
				LD_RUNPATH_SEARCH_PATHS = (
					"$(inherited)",
					"@executable_path/Frameworks",
				);
				PRODUCT_BUNDLE_IDENTIFIER = com.kr.KRLogin;
				PRODUCT_NAME = "$(TARGET_NAME)";
				SWIFT_VERSION = 4.2;
				TARGETED_DEVICE_FAMILY = "1,2";
			};
			name = Debug;
		};
		54223EBE21900ECE0059EF3B /* Release */ = {
			isa = XCBuildConfiguration;
			baseConfigurationReference = 9689E693B7841E84AE588E6F /* Pods-KRLogin.release.xcconfig */;
			buildSettings = {
				ASSETCATALOG_COMPILER_APPICON_NAME = AppIcon;
				CODE_SIGN_STYLE = Automatic;
				INFOPLIST_FILE = KRLogin/Info.plist;
				LD_RUNPATH_SEARCH_PATHS = (
					"$(inherited)",
					"@executable_path/Frameworks",
				);
				PRODUCT_BUNDLE_IDENTIFIER = com.kr.KRLogin;
				PRODUCT_NAME = "$(TARGET_NAME)";
				SWIFT_VERSION = 4.2;
				TARGETED_DEVICE_FAMILY = "1,2";
			};
			name = Release;
		};
		54223EC021900ECE0059EF3B /* Debug */ = {
			isa = XCBuildConfiguration;
			buildSettings = {
				ALWAYS_EMBED_SWIFT_STANDARD_LIBRARIES = YES;
				BUNDLE_LOADER = "$(TEST_HOST)";
				CODE_SIGN_STYLE = Automatic;
				INFOPLIST_FILE = KRLoginTests/Info.plist;
				LD_RUNPATH_SEARCH_PATHS = (
					"$(inherited)",
					"@executable_path/Frameworks",
					"@loader_path/Frameworks",
				);
				PRODUCT_BUNDLE_IDENTIFIER = com.kr.KRLoginTests;
				PRODUCT_NAME = "$(TARGET_NAME)";
				SWIFT_VERSION = 4.2;
				TARGETED_DEVICE_FAMILY = "1,2";
				TEST_HOST = "$(BUILT_PRODUCTS_DIR)/KRLogin.app/KRLogin";
			};
			name = Debug;
		};
		54223EC121900ECE0059EF3B /* Release */ = {
			isa = XCBuildConfiguration;
			buildSettings = {
				ALWAYS_EMBED_SWIFT_STANDARD_LIBRARIES = YES;
				BUNDLE_LOADER = "$(TEST_HOST)";
				CODE_SIGN_STYLE = Automatic;
				INFOPLIST_FILE = KRLoginTests/Info.plist;
				LD_RUNPATH_SEARCH_PATHS = (
					"$(inherited)",
					"@executable_path/Frameworks",
					"@loader_path/Frameworks",
				);
				PRODUCT_BUNDLE_IDENTIFIER = com.kr.KRLoginTests;
				PRODUCT_NAME = "$(TARGET_NAME)";
				SWIFT_VERSION = 4.2;
				TARGETED_DEVICE_FAMILY = "1,2";
				TEST_HOST = "$(BUILT_PRODUCTS_DIR)/KRLogin.app/KRLogin";
			};
			name = Release;
		};
		54223EC321900ECE0059EF3B /* Debug */ = {
			isa = XCBuildConfiguration;
			buildSettings = {
				ALWAYS_EMBED_SWIFT_STANDARD_LIBRARIES = YES;
				CODE_SIGN_STYLE = Automatic;
				INFOPLIST_FILE = KRLoginUITests/Info.plist;
				LD_RUNPATH_SEARCH_PATHS = (
					"$(inherited)",
					"@executable_path/Frameworks",
					"@loader_path/Frameworks",
				);
				PRODUCT_BUNDLE_IDENTIFIER = com.kr.KRLoginUITests;
				PRODUCT_NAME = "$(TARGET_NAME)";
				SWIFT_VERSION = 4.2;
				TARGETED_DEVICE_FAMILY = "1,2";
				TEST_TARGET_NAME = KRLogin;
			};
			name = Debug;
		};
		54223EC421900ECE0059EF3B /* Release */ = {
			isa = XCBuildConfiguration;
			buildSettings = {
				ALWAYS_EMBED_SWIFT_STANDARD_LIBRARIES = YES;
				CODE_SIGN_STYLE = Automatic;
				INFOPLIST_FILE = KRLoginUITests/Info.plist;
				LD_RUNPATH_SEARCH_PATHS = (
					"$(inherited)",
					"@executable_path/Frameworks",
					"@loader_path/Frameworks",
				);
				PRODUCT_BUNDLE_IDENTIFIER = com.kr.KRLoginUITests;
				PRODUCT_NAME = "$(TARGET_NAME)";
				SWIFT_VERSION = 4.2;
				TARGETED_DEVICE_FAMILY = "1,2";
				TEST_TARGET_NAME = KRLogin;
			};
			name = Release;
		};
/* End XCBuildConfiguration section */

/* Begin XCConfigurationList section */
		54223E8F21900ECB0059EF3B /* Build configuration list for PBXProject "KRLogin" */ = {
			isa = XCConfigurationList;
			buildConfigurations = (
				54223EBA21900ECE0059EF3B /* Debug */,
				54223EBB21900ECE0059EF3B /* Release */,
			);
			defaultConfigurationIsVisible = 0;
			defaultConfigurationName = Release;
		};
		54223EBC21900ECE0059EF3B /* Build configuration list for PBXNativeTarget "KRLogin" */ = {
			isa = XCConfigurationList;
			buildConfigurations = (
				54223EBD21900ECE0059EF3B /* Debug */,
				54223EBE21900ECE0059EF3B /* Release */,
			);
			defaultConfigurationIsVisible = 0;
			defaultConfigurationName = Release;
		};
		54223EBF21900ECE0059EF3B /* Build configuration list for PBXNativeTarget "KRLoginTests" */ = {
			isa = XCConfigurationList;
			buildConfigurations = (
				54223EC021900ECE0059EF3B /* Debug */,
				54223EC121900ECE0059EF3B /* Release */,
			);
			defaultConfigurationIsVisible = 0;
			defaultConfigurationName = Release;
		};
		54223EC221900ECE0059EF3B /* Build configuration list for PBXNativeTarget "KRLoginUITests" */ = {
			isa = XCConfigurationList;
			buildConfigurations = (
				54223EC321900ECE0059EF3B /* Debug */,
				54223EC421900ECE0059EF3B /* Release */,
			);
			defaultConfigurationIsVisible = 0;
			defaultConfigurationName = Release;
		};
/* End XCConfigurationList section */
	};
	rootObject = 54223E8C21900ECB0059EF3B /* Project object */;
}
